# platform: linux-aarch64
# env_hash: 4e5d16355ff59e70e6f4c99f9927aeea291c1b546f76ed38762be50afc28a57c

@EXPLICIT

https://conda.anaconda.org/conda-forge/linux-aarch64/ca-certificates-2020.6.20-hecda079_0.tar.bz2#36a14e2fce25c0032cd19f86c49b39d2
https://conda.anaconda.org/conda-forge/noarch/conda-env-2.6.0-1.tar.bz2#2e87f617581c88d249c72bfd350936eb
https://conda.anaconda.org/conda-forge/linux-aarch64/ld_impl_linux-aarch64-2.35-h71b2515_9.tar.bz2#55166476b06bd587e84766343b7f94af
https://conda.anaconda.org/conda-forge/linux-aarch64/libgomp-9.3.0-h8ab15db_17.tar.bz2#80d052d1b6f37cd4dd715df9aa785a0b
https://conda.anaconda.org/conda-forge/linux-aarch64/libstdcxx-ng-9.3.0-h7a64470_17.tar.bz2#5989d6b06b29635f4883a2410cd57870
https://conda.anaconda.org/conda-forge/linux-aarch64/_openmp_mutex-4.5-1_gnu.tar.bz2#d029b13a6c638f91c9db96a991ac56f0
https://conda.anaconda.org/conda-forge/linux-aarch64/libgcc-ng-9.3.0-h8ab15db_17.tar.bz2#a7b900b3bd4b3a5286254749e093531b
https://conda.anaconda.org/conda-forge/linux-aarch64/bzip2-1.0.8-h516909a_3.tar.bz2#3fbe6515c2fad279c6cb9cfdc7158986
https://conda.anaconda.org/conda-forge/linux-aarch64/c-ares-1.16.1-h516909a_3.tar.bz2#8add1465a37529c46ddf9b94962b1e7a
https://conda.anaconda.org/conda-forge/linux-aarch64/expat-2.2.9-h4c5d2ac_2.tar.bz2#43a26cb632166aee0e0851054ed63ab8
https://conda.anaconda.org/conda-forge/linux-aarch64/icu-67.1-h4c5d2ac_0.tar.bz2#4e5320006d5a9e3bee039388963f1db0
https://conda.anaconda.org/conda-forge/linux-aarch64/libev-4.33-h516909a_1.tar.bz2#9eac5901791494108c9b9ab85ca8aa93
https://conda.anaconda.org/conda-forge/linux-aarch64/libffi-3.2.1-h4c5d2ac_1007.tar.bz2#0b4714d705fcbe3d3a1c39e02c750173
https://conda.anaconda.org/conda-forge/linux-aarch64/libiconv-1.16-h6dd45c4_0.tar.bz2#ddf5f3b177dde259a682f1820110b238
https://conda.anaconda.org/conda-forge/linux-aarch64/liblief-0.10.1-h54f1f3f_1.tar.bz2#1049faf4b1a8c5a328584d1407186b13
https://conda.anaconda.org/conda-forge/linux-aarch64/lz4-c-1.9.2-he1b5a44_3.tar.bz2#2f950a46172577d966f500222f95b87d
https://conda.anaconda.org/conda-forge/linux-aarch64/lzo-2.10-h516909a_1000.tar.bz2#ef5661339990c399c68c71cfb341e6d7
https://conda.anaconda.org/conda-forge/linux-aarch64/ncurses-6.2-he1b5a44_2.tar.bz2#d2e06e9c45858ee4226ba9ad178c6f53
https://conda.anaconda.org/conda-forge/linux-aarch64/oniguruma-6.9.3-h516909a_0.tar.bz2#bd1bc1a868e3fdcdb6e6abb4916d71d5
https://conda.anaconda.org/conda-forge/linux-aarch64/openssl-1.1.1h-h2923d19_0.tar.bz2#77d6ae79b2aac2b3839870b7b9e82c5b
https://conda.anaconda.org/conda-forge/linux-aarch64/patchelf-0.11-h4c5d2ac_0.tar.bz2#c65393bfc6a83a1a16b327e373db8ebe
https://conda.anaconda.org/conda-forge/linux-aarch64/pcre-8.44-he1b5a44_0.tar.bz2#1844bc1c1647994ee1b3a0fab69ffeed
https://conda.anaconda.org/conda-forge/linux-aarch64/perl-5.26.2-h516909a_1006.tar.bz2#d7caff49870c7bec17f9f81f8b78a3ba
https://conda.anaconda.org/conda-forge/linux-aarch64/ripgrep-12.1.1-h516909a_0.tar.bz2#b24b4b2df2deee373393d35973836e6d
https://conda.anaconda.org/conda-forge/linux-aarch64/xz-5.2.5-h6dd45c4_1.tar.bz2#9da6f161d0f47f8a29fa708cda8deda2
https://conda.anaconda.org/conda-forge/linux-aarch64/yaml-0.2.5-h516909a_0.tar.bz2#2f7b51117290b7e95d61e6ff9abd7a3a
https://conda.anaconda.org/conda-forge/linux-aarch64/zlib-1.2.11-h516909a_1009.tar.bz2#8f012adadf82e1440ff1249634fdf6b4
https://conda.anaconda.org/conda-forge/linux-aarch64/gettext-0.19.8.1-hc5be6a0_1002.tar.bz2#7ae86e89a1ee3274809a8c48c5fd7c20
https://conda.anaconda.org/conda-forge/linux-aarch64/jq-1.6-h14c3975_1000.tar.bz2#51b2afed606b10f1d276471979d96b94
https://conda.anaconda.org/conda-forge/linux-aarch64/libedit-3.1.20191231-he28a2e2_2.tar.bz2#29371161d77933a54fccf1bb66b96529
https://conda.anaconda.org/conda-forge/linux-aarch64/libnghttp2-1.41.0-h8cfc5f6_2.tar.bz2#f0923ff3705a9c800a89990cacf73198
https://conda.anaconda.org/conda-forge/linux-aarch64/libssh2-1.9.0-hab1572f_5.tar.bz2#b70778922ca4d840aa65706a647b448d
https://conda.anaconda.org/conda-forge/linux-aarch64/libxml2-2.9.10-hc040a3b_2.tar.bz2#a2924ad64672fdaeade738a1c997dd31
https://conda.anaconda.org/conda-forge/linux-aarch64/readline-8.0-h607064a_2.tar.bz2#140aafba4896d77ef3dce3f499255a60
https://conda.anaconda.org/conda-forge/linux-aarch64/tk-8.6.10-he2b207e_1.tar.bz2#fd0a9280321a7e377cc010b25be3fbe9
https://conda.anaconda.org/conda-forge/linux-aarch64/zstd-1.4.5-h6597ccf_2.tar.bz2#1e5e4259602333ab12eb04a62744664b
https://conda.anaconda.org/conda-forge/linux-aarch64/krb5-1.17.1-h09dc549_3.tar.bz2#13a338fdacf01f293343aefe879e8504
https://conda.anaconda.org/conda-forge/linux-aarch64/libarchive-3.4.3-hd53e00b_0.tar.bz2#167c8ef2d7d0ceb8f5b5e86f820f895e
https://conda.anaconda.org/conda-forge/linux-aarch64/sqlite-3.33.0-he83ba2a_1.tar.bz2#8370ba2e49ac28ae36aadd9777668689
https://conda.anaconda.org/conda-forge/linux-aarch64/libcurl-7.71.1-hcdd3856_8.tar.bz2#02c528cf3999da407527963e8305b55a
https://conda.anaconda.org/conda-forge/linux-aarch64/python-3.7.8-hdc8a62a_1_cpython.tar.bz2#caf998b5c91f83091b073e1cb51ac395
https://conda.anaconda.org/conda-forge/noarch/attrs-20.2.0-pyh9f0ad1d_0.tar.bz2#72fe75fed07fe89d6ef02034bf1e94a5
https://conda.anaconda.org/conda-forge/noarch/click-7.1.2-pyh9f0ad1d_0.tar.bz2#bd50a970ce07e660c319fdc4d730d3f1
https://conda.anaconda.org/conda-forge/linux-aarch64/curl-7.71.1-he644dc0_8.tar.bz2#7ae8ddafdd05fb6239b7eafcd8b1bbf6
https://conda.anaconda.org/conda-forge/noarch/filelock-3.0.12-pyh9f0ad1d_0.tar.bz2#7544ed05bbbe9bb687bc9bcbe4d6cb46
https://conda.anaconda.org/conda-forge/noarch/glob2-0.7-py_0.tar.bz2#1f3a88e65e61216e1d475135922dbf6a
https://conda.anaconda.org/conda-forge/noarch/idna-2.10-pyh9f0ad1d_0.tar.bz2#f95a12b4f435aae6680fe55ae2eb1b06
https://conda.anaconda.org/conda-forge/noarch/ipython_genutils-0.2.0-py_1.tar.bz2#5071c982548b3a20caf70462f04f5287
https://conda.anaconda.org/conda-forge/noarch/pkginfo-1.5.0.1-py_0.tar.bz2#4bdd776f2eb65244c27c5f61638a507c
https://conda.anaconda.org/conda-forge/noarch/pycparser-2.20-pyh9f0ad1d_2.tar.bz2#aa798d50ffd182a0f6f31478c7f434f6
https://conda.anaconda.org/conda-forge/linux-aarch64/python_abi-3.7-1_cp37m.tar.bz2#9ca5b46168de052474a01cadd4ae3ead
https://conda.anaconda.org/conda-forge/noarch/pytz-2020.1-pyh9f0ad1d_0.tar.bz2#e52abc1f0fd70e05001c1ceb2696f625
https://conda.anaconda.org/conda-forge/noarch/six-1.15.0-pyh9f0ad1d_0.tar.bz2#1eec421f0f1f39e579e44e4a5ce646a2
https://conda.anaconda.org/conda-forge/noarch/soupsieve-2.0.1-py_1.tar.bz2#aa1db70848c19bace567ba39a157f508
https://conda.anaconda.org/conda-forge/noarch/tqdm-4.50.2-pyh9f0ad1d_0.tar.bz2#ed198b205c15a7f4157aad92c60afc86
https://conda.anaconda.org/conda-forge/noarch/wheel-0.35.1-pyh9f0ad1d_0.tar.bz2#126827869be32f21872a2b30ebe2b038
https://conda.anaconda.org/conda-forge/noarch/zipp-3.3.0-py_0.tar.bz2#82671ac8792f7ce5fdc601f9692f95f1
https://conda.anaconda.org/conda-forge/noarch/beautifulsoup4-4.9.3-pyhb0f4dca_0.tar.bz2#d243a293d7303ab6195d96ce8c16b1cb
https://conda.anaconda.org/conda-forge/linux-aarch64/certifi-2020.6.20-py37h2c6a3fe_2.tar.bz2#66a6459aa218c96af200758ffbc54140
https://conda.anaconda.org/conda-forge/linux-aarch64/cffi-1.14.3-py37h7d6fc07_0.tar.bz2#46b1083633e4708bf765b017e0d7037d
https://conda.anaconda.org/conda-forge/linux-aarch64/chardet-3.0.4-py37h2c6a3fe_1008.tar.bz2#5802944a82cf4b7820893a11e19f8f7b
https://conda.anaconda.org/conda-forge/linux-aarch64/conda-package-handling-1.7.0-py37h6ffa973_6.tar.bz2#022b5350d3043d7b4322fc50d0823c4b
https://conda.anaconda.org/conda-forge/linux-aarch64/git-2.28.0-pl526h5e3e691_1.tar.bz2#2538d7f60521a5d2c210251391a2f523
https://conda.anaconda.org/conda-forge/noarch/importlib-metadata-2.0.0-py_1.tar.bz2#9061524478034b761f355a42bd9a7e3d
https://conda.anaconda.org/conda-forge/linux-aarch64/markupsafe-1.1.1-py37h6ffa973_2.tar.bz2#e0b93d39dedd5fc81fc9f271df6c255d
https://conda.anaconda.org/conda-forge/linux-aarch64/psutil-5.7.2-py37h6ffa973_1.tar.bz2#38f2a1536dab956f0ad0dd61e023fe03
https://conda.anaconda.org/conda-forge/linux-aarch64/py-lief-0.10.1-py37h1c9c24e_1.tar.bz2#075733b1d2656240a846bc778c062ba3
https://conda.anaconda.org/conda-forge/linux-aarch64/pycosat-0.6.3-py37h6ffa973_1005.tar.bz2#1acf06f76de58be970bba1e396ed19e2
https://conda.anaconda.org/conda-forge/linux-aarch64/pyrsistent-0.17.3-py37h8f50634_1.tar.bz2#ec58bf40b1984b02a39b6db7dfdd1f6b
https://conda.anaconda.org/conda-forge/linux-aarch64/pysocks-1.7.1-py37h2c6a3fe_2.tar.bz2#5ac459eb846609498d30af3efae14566
https://conda.anaconda.org/conda-forge/noarch/python-dateutil-2.8.1-py_0.tar.bz2#0d0150ed9c2d25817f5324108d3f7571
https://conda.anaconda.org/conda-forge/linux-aarch64/python-libarchive-c-2.9-py37h2c6a3fe_2.tar.bz2#dd0e6417c0907879198e1fb9223cbd4e
https://conda.anaconda.org/conda-forge/linux-aarch64/pyyaml-5.3.1-py37h6ffa973_1.tar.bz2#9e61fa356f63aa6e76c157369739e036
https://conda.anaconda.org/conda-forge/linux-aarch64/ruamel_yaml-0.15.80-py37h6ffa973_1003.tar.bz2#38c0c3ad7df897fe47e79e0d486ecb23
https://conda.anaconda.org/conda-forge/noarch/traitlets-5.0.4-py_1.tar.bz2#048e4f82f972565e99ac45a374120c36
https://conda.anaconda.org/conda-forge/linux-aarch64/brotlipy-0.7.0-py37h7931cfc_1000.tar.bz2#9e4d63d3918c76aeddd97a4048bd07c3
https://conda.anaconda.org/conda-forge/linux-aarch64/cryptography-3.1.1-py37hb37214e_0.tar.bz2#b3fb86feaef225fbefdddb21e67b48a6
https://conda.anaconda.org/conda-forge/noarch/importlib_metadata-2.0.0-1.tar.bz2#1e40de9b76f9eb789d302de58bfe7674
https://conda.anaconda.org/conda-forge/linux-aarch64/jupyter_core-4.6.3-py37hc8dfbb8_1.tar.bz2#0a8fa004522b00c6f72381337ed69590
https://conda.anaconda.org/conda-forge/linux-aarch64/setuptools-49.6.0-py37h2c6a3fe_2.tar.bz2#ec4efe0452456a28174b2cc785010d91
https://conda.anaconda.org/conda-forge/noarch/shyaml-0.6.1-py_0.tar.bz2#60803b63897c151e5c680e1cd2bc520f
https://conda.anaconda.org/conda-forge/noarch/clyent-1.2.2-py_1.tar.bz2#b9ee3fdf59f49883497741509ea364b6
https://conda.anaconda.org/conda-forge/noarch/jinja2-2.11.2-pyh9f0ad1d_0.tar.bz2#e8a5d614d1a27bdba00059ca062a0551
https://conda.anaconda.org/conda-forge/linux-aarch64/jsonschema-3.2.0-py37hc8dfbb8_1.tar.bz2#3b1483b5de54a468446178641ba09c27
https://conda.anaconda.org/conda-forge/noarch/pip-20.2.3-py_0.tar.bz2#2a473e697f17443a8647c3d7d22043d3
https://conda.anaconda.org/conda-forge/noarch/pyopenssl-19.1.0-py_1.tar.bz2#ef3d970a6de9bc902d233e59f746b7cd
https://conda.anaconda.org/conda-forge/noarch/nbformat-5.0.7-py_0.tar.bz2#7f9984ee165126ac09d9eb678052783d
https://conda.anaconda.org/conda-forge/noarch/urllib3-1.25.10-py_0.tar.bz2#82cde2a532177697e42a090add881db8
https://conda.anaconda.org/conda-forge/noarch/requests-2.24.0-pyh9f0ad1d_0.tar.bz2#786ef230ca5cf2536e9dee910fdf4f9f
https://conda.anaconda.org/conda-forge/noarch/anaconda-client-1.7.2-py_0.tar.bz2#1ada0ee7841ef357baf8cb8ae71fac9b
https://conda.anaconda.org/conda-forge/linux-aarch64/conda-4.8.5-py37h2c6a3fe_2.tar.bz2#bd5136edd50ed1c7a442b7f06f5efa65
https://conda.anaconda.org/conda-forge/linux-aarch64/conda-build-3.20.3-py37hc8dfbb8_0.tar.bz2#b458b919c881b29aa33c43a41daa60ce
https://conda.anaconda.org/conda-forge/linux-aarch64/conda-forge-ci-setup-3.4.0-py37hc8dfbb8_0.tar.bz2#06a8b7d7bd2c64ff77f29d8b58d19bd8
