# platform: linux-64
# env_hash: 0addce3988c830eb54dcca491cb4699904ceeedd8d5709e501f9be2a92bd565a

@EXPLICIT

https://conda.anaconda.org/conda-forge/linux-64/_libgcc_mutex-0.1-conda_forge.tar.bz2#d7c89558ba9fa0495403155b64376d81
https://conda.anaconda.org/conda-forge/linux-64/ca-certificates-2020.6.20-hecda079_0.tar.bz2#1b1cca86e95c416a8e7eb6062af6d503
https://conda.anaconda.org/conda-forge/noarch/conda-env-2.6.0-1.tar.bz2#2e87f617581c88d249c72bfd350936eb
https://conda.anaconda.org/conda-forge/linux-64/ld_impl_linux-64-2.35-h769bd43_9.tar.bz2#e91fb361f3d158f06546dc87cbe55739
https://conda.anaconda.org/conda-forge/linux-64/libstdcxx-ng-9.3.0-h2ae2ef3_17.tar.bz2#342f3c931d0a3a209ab09a522469d20c
https://conda.anaconda.org/conda-forge/linux-64/libgomp-9.3.0-h5dbcf3e_17.tar.bz2#8fd587013b9da8b52050268d50c12305
https://conda.anaconda.org/conda-forge/linux-64/_openmp_mutex-4.5-1_gnu.tar.bz2#561e277319a41d4f24f5c05a9ef63c04
https://conda.anaconda.org/conda-forge/linux-64/libgcc-ng-9.3.0-h5dbcf3e_17.tar.bz2#fc9f5adabc4d55cd4b491332adc413e0
https://conda.anaconda.org/conda-forge/linux-64/bzip2-1.0.8-h516909a_3.tar.bz2#a05ea3fc1a51cf629bd49b481f729ebd
https://conda.anaconda.org/conda-forge/linux-64/c-ares-1.16.1-h516909a_3.tar.bz2#8d0f54b0a09bb496dea3f8dae0c551e4
https://conda.anaconda.org/conda-forge/linux-64/expat-2.2.9-he1b5a44_2.tar.bz2#285f5b5ca3209d492224935affd00aab
https://conda.anaconda.org/conda-forge/linux-64/icu-67.1-he1b5a44_0.tar.bz2#7ced6a5e5c94726af797d2b5a2b09228
https://conda.anaconda.org/conda-forge/linux-64/libev-4.33-h516909a_1.tar.bz2#6f8720dff19e17ce5d48cfe7f3d2f0a3
https://conda.anaconda.org/conda-forge/linux-64/libffi-3.2.1-he1b5a44_1007.tar.bz2#11389072d7d6036fd811c3d9460475cd
https://conda.anaconda.org/conda-forge/linux-64/libiconv-1.16-h516909a_0.tar.bz2#5c0f338a513a2943c659ae619fca9211
https://conda.anaconda.org/conda-forge/linux-64/liblief-0.10.1-he1b5a44_1.tar.bz2#01a0a4fb4dc909566563651895d372b0
https://conda.anaconda.org/conda-forge/linux-64/lz4-c-1.9.2-he1b5a44_3.tar.bz2#b2e54aad8640e7a877d2280d3ebfe85b
https://conda.anaconda.org/conda-forge/linux-64/lzo-2.10-h516909a_1000.tar.bz2#bb14fcb13341b81d5eb386423b9d2bac
https://conda.anaconda.org/conda-forge/linux-64/ncurses-6.2-he1b5a44_2.tar.bz2#48af29b07d7336037d00cdea3e11775d
https://conda.anaconda.org/conda-forge/linux-64/oniguruma-6.9.3-h516909a_0.tar.bz2#c24b1497d3db76fd29b9814c23b36eba
https://conda.anaconda.org/conda-forge/linux-64/openssl-1.1.1h-h516909a_0.tar.bz2#3a99e0cb8f325dbf8f616da2d2fb6d4f
https://conda.anaconda.org/conda-forge/linux-64/patchelf-0.11-he1b5a44_0.tar.bz2#da683ac27e9d838254e01639868a5a3e
https://conda.anaconda.org/conda-forge/linux-64/pcre-8.44-he1b5a44_0.tar.bz2#e647d89cd5cdf62760cf283a001841ff
https://conda.anaconda.org/conda-forge/linux-64/perl-5.26.2-h516909a_1006.tar.bz2#7159f7a31fb4176bac015a35ca8f199f
https://conda.anaconda.org/conda-forge/linux-64/ripgrep-12.1.1-h516909a_0.tar.bz2#61d7aa8e729bab4f23af0fa6640c495f
https://conda.anaconda.org/conda-forge/linux-64/xz-5.2.5-h516909a_1.tar.bz2#33f601066901f3e1a85af3522a8113f9
https://conda.anaconda.org/conda-forge/linux-64/yaml-0.2.5-h516909a_0.tar.bz2#03a530e925414902547cf48da7756db8
https://conda.anaconda.org/conda-forge/linux-64/zlib-1.2.11-h516909a_1009.tar.bz2#93486907c6757170a5125198506d9cf8
https://conda.anaconda.org/conda-forge/linux-64/gettext-0.19.8.1-hc5be6a0_1002.tar.bz2#8c2f1de42f9eec059418f3083f03cabc
https://conda.anaconda.org/conda-forge/linux-64/jq-1.6-h14c3975_1000.tar.bz2#3d0d3e5b46fe2856358ebd195fe23e6a
https://conda.anaconda.org/conda-forge/linux-64/libedit-3.1.20191231-he28a2e2_2.tar.bz2#4d331e44109e3f0e19b4cb8f9b82f3e1
https://conda.anaconda.org/conda-forge/linux-64/libnghttp2-1.41.0-h8cfc5f6_2.tar.bz2#726ca0fed4bde95b056ef26df1efaf60
https://conda.anaconda.org/conda-forge/linux-64/libssh2-1.9.0-hab1572f_5.tar.bz2#18aaa1bd2238ae2b5e89591046973123
https://conda.anaconda.org/conda-forge/linux-64/libxml2-2.9.10-h68273f3_2.tar.bz2#0315cae0468a1e17f1e7fad5b13d53f8
https://conda.anaconda.org/conda-forge/linux-64/readline-8.0-he28a2e2_2.tar.bz2#4d0ae8d473f863696088f76800ef9d38
https://conda.anaconda.org/conda-forge/linux-64/tk-8.6.10-hed695b0_1.tar.bz2#7ef837cd455bd0f19f49b8b62d4cb568
https://conda.anaconda.org/conda-forge/linux-64/zstd-1.4.5-h6597ccf_2.tar.bz2#d60d50f369d40f9787878cdd866fc9d3
https://conda.anaconda.org/conda-forge/linux-64/krb5-1.17.1-hfafb76e_3.tar.bz2#b9c0993124fbf5f4ccf37fd00d6a3705
https://conda.anaconda.org/conda-forge/linux-64/libarchive-3.4.3-hf837322_0.tar.bz2#3d24e7aafa2e57bb126860f98405458e
https://conda.anaconda.org/conda-forge/linux-64/sqlite-3.33.0-h4cf870e_1.tar.bz2#1968ff6c4b8fbd2903f6672e292d932d
https://conda.anaconda.org/conda-forge/linux-64/libcurl-7.71.1-hcdd3856_8.tar.bz2#2c81fb9f0d82c04b08617fc73eb615af
https://conda.anaconda.org/conda-forge/linux-64/python-3.7.8-h6f2ec95_1_cpython.tar.bz2#c41fe2a0e510f35d342c3607de631091
https://conda.anaconda.org/conda-forge/noarch/attrs-20.2.0-pyh9f0ad1d_0.tar.bz2#72fe75fed07fe89d6ef02034bf1e94a5
https://conda.anaconda.org/conda-forge/noarch/click-7.1.2-pyh9f0ad1d_0.tar.bz2#bd50a970ce07e660c319fdc4d730d3f1
https://conda.anaconda.org/conda-forge/linux-64/curl-7.71.1-he644dc0_8.tar.bz2#7fadfa44182e1cc0dbbe0c169c0b15cc
https://conda.anaconda.org/conda-forge/noarch/filelock-3.0.12-pyh9f0ad1d_0.tar.bz2#7544ed05bbbe9bb687bc9bcbe4d6cb46
https://conda.anaconda.org/conda-forge/noarch/glob2-0.7-py_0.tar.bz2#1f3a88e65e61216e1d475135922dbf6a
https://conda.anaconda.org/conda-forge/noarch/idna-2.10-pyh9f0ad1d_0.tar.bz2#f95a12b4f435aae6680fe55ae2eb1b06
https://conda.anaconda.org/conda-forge/noarch/ipython_genutils-0.2.0-py_1.tar.bz2#5071c982548b3a20caf70462f04f5287
https://conda.anaconda.org/conda-forge/noarch/pkginfo-1.5.0.1-py_0.tar.bz2#4bdd776f2eb65244c27c5f61638a507c
https://conda.anaconda.org/conda-forge/noarch/pycparser-2.20-pyh9f0ad1d_2.tar.bz2#aa798d50ffd182a0f6f31478c7f434f6
https://conda.anaconda.org/conda-forge/linux-64/python_abi-3.7-1_cp37m.tar.bz2#658a5c3d766bfc6574480204b10a6f20
https://conda.anaconda.org/conda-forge/noarch/pytz-2020.1-pyh9f0ad1d_0.tar.bz2#e52abc1f0fd70e05001c1ceb2696f625
https://conda.anaconda.org/conda-forge/noarch/six-1.15.0-pyh9f0ad1d_0.tar.bz2#1eec421f0f1f39e579e44e4a5ce646a2
https://conda.anaconda.org/conda-forge/noarch/soupsieve-2.0.1-py_1.tar.bz2#aa1db70848c19bace567ba39a157f508
https://conda.anaconda.org/conda-forge/noarch/tqdm-4.50.2-pyh9f0ad1d_0.tar.bz2#ed198b205c15a7f4157aad92c60afc86
https://conda.anaconda.org/conda-forge/noarch/wheel-0.35.1-pyh9f0ad1d_0.tar.bz2#126827869be32f21872a2b30ebe2b038
https://conda.anaconda.org/conda-forge/noarch/zipp-3.3.0-py_0.tar.bz2#82671ac8792f7ce5fdc601f9692f95f1
https://conda.anaconda.org/conda-forge/noarch/beautifulsoup4-4.9.3-pyhb0f4dca_0.tar.bz2#d243a293d7303ab6195d96ce8c16b1cb
https://conda.anaconda.org/conda-forge/linux-64/certifi-2020.6.20-py37he5f6b98_2.tar.bz2#bf60e031ea1cdb01d932186bf43ad910
https://conda.anaconda.org/conda-forge/linux-64/cffi-1.14.3-py37h2b28604_0.tar.bz2#6b9caf2827381667ad0cf53242fdd768
https://conda.anaconda.org/conda-forge/linux-64/chardet-3.0.4-py37he5f6b98_1008.tar.bz2#2f4cf1309df625c3eb0314a170fb9593
https://conda.anaconda.org/conda-forge/linux-64/conda-package-handling-1.7.0-py37hb5d75c8_6.tar.bz2#1745b79ecbf1b79bb9fc0879894cb89d
https://conda.anaconda.org/conda-forge/linux-64/git-2.28.0-pl526h5e3e691_1.tar.bz2#feaf4e1b10e5a76b62e09d66ae98fa07
https://conda.anaconda.org/conda-forge/noarch/importlib-metadata-2.0.0-py_1.tar.bz2#9061524478034b761f355a42bd9a7e3d
https://conda.anaconda.org/conda-forge/linux-64/markupsafe-1.1.1-py37hb5d75c8_2.tar.bz2#31e6e17a00c0a624765a4ef79344359c
https://conda.anaconda.org/conda-forge/linux-64/psutil-5.7.2-py37hb5d75c8_1.tar.bz2#fc5246db8ddcd6390034dd85f7b3daa7
https://conda.anaconda.org/conda-forge/linux-64/py-lief-0.10.1-py37h3340039_1.tar.bz2#2960a21831944b69e0366dcb6c66d73a
https://conda.anaconda.org/conda-forge/linux-64/pycosat-0.6.3-py37hb5d75c8_1005.tar.bz2#d833a5e177494e5a67753f342a959591
https://conda.anaconda.org/conda-forge/linux-64/pyrsistent-0.17.3-py37h8f50634_1.tar.bz2#d4589f9c03a6f83a0bde325bf2bfc590
https://conda.anaconda.org/conda-forge/linux-64/pysocks-1.7.1-py37he5f6b98_2.tar.bz2#a16ee1f98f2ab617eb31c835eaab8b81
https://conda.anaconda.org/conda-forge/noarch/python-dateutil-2.8.1-py_0.tar.bz2#0d0150ed9c2d25817f5324108d3f7571
https://conda.anaconda.org/conda-forge/linux-64/python-libarchive-c-2.9-py37he5f6b98_2.tar.bz2#e800b7165b0fe8cb7441b5ec8ba4e1a9
https://conda.anaconda.org/conda-forge/linux-64/pyyaml-5.3.1-py37hb5d75c8_1.tar.bz2#5bf564affe9307fc08373b5a84d31c78
https://conda.anaconda.org/conda-forge/linux-64/ruamel_yaml-0.15.80-py37hb5d75c8_1003.tar.bz2#53fdf5fc7a85e5f46a89e54253c4730a
https://conda.anaconda.org/conda-forge/noarch/traitlets-5.0.4-py_1.tar.bz2#048e4f82f972565e99ac45a374120c36
https://conda.anaconda.org/conda-forge/linux-64/brotlipy-0.7.0-py37h8f50634_1000.tar.bz2#32f5c3392501d6f5f20a24be76e03702
https://conda.anaconda.org/conda-forge/linux-64/cryptography-3.1.1-py37hb09aad4_0.tar.bz2#8e25fdef38825b89d1550a0aa05a1116
https://conda.anaconda.org/conda-forge/noarch/importlib_metadata-2.0.0-1.tar.bz2#1e40de9b76f9eb789d302de58bfe7674
https://conda.anaconda.org/conda-forge/linux-64/jupyter_core-4.6.3-py37hc8dfbb8_1.tar.bz2#2169191b3df60024143e88aa047454ae
https://conda.anaconda.org/conda-forge/linux-64/setuptools-49.6.0-py37he5f6b98_2.tar.bz2#eeae6a29001871a6a30de45b910e0d72
https://conda.anaconda.org/conda-forge/noarch/shyaml-0.6.1-py_0.tar.bz2#60803b63897c151e5c680e1cd2bc520f
https://conda.anaconda.org/conda-forge/noarch/clyent-1.2.2-py_1.tar.bz2#b9ee3fdf59f49883497741509ea364b6
https://conda.anaconda.org/conda-forge/noarch/jinja2-2.11.2-pyh9f0ad1d_0.tar.bz2#e8a5d614d1a27bdba00059ca062a0551
https://conda.anaconda.org/conda-forge/linux-64/jsonschema-3.2.0-py37hc8dfbb8_1.tar.bz2#3bbfbc1c12652fc35a225180d7aeff19
https://conda.anaconda.org/conda-forge/noarch/pip-20.2.3-py_0.tar.bz2#2a473e697f17443a8647c3d7d22043d3
https://conda.anaconda.org/conda-forge/noarch/pyopenssl-19.1.0-py_1.tar.bz2#ef3d970a6de9bc902d233e59f746b7cd
https://conda.anaconda.org/conda-forge/noarch/nbformat-5.0.7-py_0.tar.bz2#7f9984ee165126ac09d9eb678052783d
https://conda.anaconda.org/conda-forge/noarch/urllib3-1.25.10-py_0.tar.bz2#82cde2a532177697e42a090add881db8
https://conda.anaconda.org/conda-forge/noarch/requests-2.24.0-pyh9f0ad1d_0.tar.bz2#786ef230ca5cf2536e9dee910fdf4f9f
https://conda.anaconda.org/conda-forge/noarch/anaconda-client-1.7.2-py_0.tar.bz2#1ada0ee7841ef357baf8cb8ae71fac9b
https://conda.anaconda.org/conda-forge/linux-64/conda-4.8.5-py37he5f6b98_2.tar.bz2#5eb10a3b147550ebbf4308443569e074
https://conda.anaconda.org/conda-forge/linux-64/conda-build-3.20.3-py37hc8dfbb8_0.tar.bz2#6c03f65ff91de1228a75737fdb323a9d
https://conda.anaconda.org/conda-forge/linux-64/conda-forge-ci-setup-3.4.0-py37h71091ce_0.tar.bz2#009ccbd5343a642a7c7afeabd8b4c037
