# platform: win-64
# env_hash: 83d9c8a8bad3e62ecf7ebfeb1edadfa27a27b68c0dbc61b83c07ef8c32c4edc5
@EXPLICIT
https://conda.anaconda.org/conda-forge/win-64/ca-certificates-2020.12.5-h5b45459_0.tar.bz2#f36a2988a9f57cffdc43929ba67a3a2a
https://conda.anaconda.org/conda-forge/noarch/conda-env-2.6.0-1.tar.bz2#2e87f617581c88d249c72bfd350936eb
https://conda.anaconda.org/conda-forge/win-64/msys2-conda-epoch-20160418-1.tar.bz2#b0309b72560df66f71a9d5e34a5efdfa
https://conda.anaconda.org/conda-forge/win-64/vs2008_express_vc_python_patch-1.0.0-0.tar.bz2#f7001bc94fde07cf13903c17a78b72a3
https://conda.anaconda.org/conda-forge/win-64/vs2015_runtime-14.28.29325-h5e1d092_0.tar.bz2#4e4fc486090f90e00edfa9c7730e2771
https://conda.anaconda.org/conda-forge/win-64/m2-expat-2.1.1-2.tar.bz2#b36affcc4688e3be1421904d7e4494a7
https://conda.anaconda.org/conda-forge/win-64/m2-gmp-6.1.0-3.tar.bz2#fc235ca4b588c982a76b3f07afc5b312
https://conda.anaconda.org/conda-forge/win-64/m2-libffi-3.2.1-2.tar.bz2#c8877f393b6d7d29431cb37e3818aacf
https://conda.anaconda.org/conda-forge/win-64/m2-msys2-runtime-2.5.0.17080.65c939c-3.tar.bz2#ce25c58bc90071bf71f3d472cb8dfbce
https://conda.anaconda.org/conda-forge/win-64/m2w64-gmp-6.1.0-2.tar.bz2#53a1c73e1e3d185516d7e3af177596d9
https://conda.anaconda.org/conda-forge/win-64/m2w64-libwinpthread-git-5.0.0.4634.697f757-2.tar.bz2#774130a326dee16f1ceb05cc687ee4f0
https://conda.anaconda.org/conda-forge/win-64/vc-14.2-hb210afc_2.tar.bz2#6852e7ea3601522ab1d4fa60fec8c4fe
https://conda.anaconda.org/conda-forge/win-64/bzip2-1.0.8-h8ffe710_4.tar.bz2#7c03c66026944073040cb19a4f3ec3c9
https://conda.anaconda.org/conda-forge/win-64/libiconv-1.16-he774522_0.tar.bz2#bdfeadc9348e4d9fbe4821e81bf8f221
https://conda.anaconda.org/conda-forge/win-64/liblief-0.10.1-ha925a31_2.tar.bz2#722fe9d130f4504d4048a9c397f9d3ea
https://conda.anaconda.org/conda-forge/win-64/lz4-c-1.9.3-h8ffe710_0.tar.bz2#5c9a617ed4fbd41f8c564fab236dda60
https://conda.anaconda.org/conda-forge/win-64/lzo-2.10-he774522_1000.tar.bz2#d5cf4b7eaa52316f135eed9e8548ad57
https://conda.anaconda.org/conda-forge/win-64/m2-bash-4.3.042-5.tar.bz2#d5b774cd54c9f764af2162c50de6b2bb
https://conda.anaconda.org/conda-forge/win-64/m2-gcc-libs-5.3.0-4.tar.bz2#51f9bee002e596f14e31c4f528f1fe6c
https://conda.anaconda.org/conda-forge/win-64/m2-patch-2.7.5-2.tar.bz2#f5159110837c3e221146e623f3c44f1c
https://conda.anaconda.org/conda-forge/win-64/m2w64-gcc-libs-core-5.3.0-7.tar.bz2#4289d80fb4d272f1f3b56cfe87ac90bd
https://conda.anaconda.org/conda-forge/win-64/openssl-1.1.1i-h8ffe710_0.tar.bz2#49729ddb4fec3c604009a80e0411bb47
https://conda.anaconda.org/conda-forge/win-64/sqlite-3.34.0-h8ffe710_0.tar.bz2#0887d420b945a5342cd03429d475658c
https://conda.anaconda.org/conda-forge/win-64/xz-5.2.5-h62dcd97_1.tar.bz2#eabcbfedd14d7c18a514afca09ea0ebb
https://conda.anaconda.org/conda-forge/win-64/yaml-0.2.5-he774522_0.tar.bz2#d41c34441d8bbb6d141e691ae7bccf35
https://conda.anaconda.org/conda-forge/win-64/zlib-1.2.11-h62dcd97_1010.tar.bz2#a4cdf389c5f73e60a0ca121ff77c22a9
https://conda.anaconda.org/conda-forge/win-64/libxml2-2.9.10-hf5bbc77_3.tar.bz2#4d2f9377b960b9f1425e91e13a30126c
https://conda.anaconda.org/conda-forge/win-64/m2-icu-56.1-2.tar.bz2#a86bbace64437c985d95bad324ce1287
https://conda.anaconda.org/conda-forge/win-64/m2-libcrypt-1.3-2.tar.bz2#7e656d15bba0e661cb8a71ac69e76158
https://conda.anaconda.org/conda-forge/win-64/m2-libdb-5.3.28-3.tar.bz2#59e189c545c6a622a85430367fa350b5
https://conda.anaconda.org/conda-forge/win-64/m2-libexpat-2.1.1-2.tar.bz2#c92be3bcbf8b0325411ef54e8f435fbe
https://conda.anaconda.org/conda-forge/win-64/m2-libgdbm-1.11-4.tar.bz2#dcc0d550b044368a1732e0c771ffd8a5
https://conda.anaconda.org/conda-forge/win-64/m2-libiconv-1.14-3.tar.bz2#059d5bccb119e0e239412c2f88273155
https://conda.anaconda.org/conda-forge/win-64/m2-libpcre-8.38-2.tar.bz2#d3ae9fa36eacf4118d436d5012fc0ae5
https://conda.anaconda.org/conda-forge/win-64/m2-ncurses-6.0.20160220-2.tar.bz2#ff6ef7298761aa59d88ee1f60e76a98b
https://conda.anaconda.org/conda-forge/win-64/m2-zlib-1.2.8-4.tar.bz2#fc9577bb12893c02dd10480e75c683b1
https://conda.anaconda.org/conda-forge/win-64/m2w64-gcc-libgfortran-5.3.0-6.tar.bz2#066552ac6b907ec6d72c0ddab29050dc
https://conda.anaconda.org/conda-forge/win-64/python-3.7.9-h7840368_0_cpython.tar.bz2#5ca79ee9f34ec56ec44388bc7d209e7e
https://conda.anaconda.org/conda-forge/win-64/zstd-1.4.8-h4e2f164_1.tar.bz2#f8a86a17cb984eb3a5051e29dfb4168b
https://conda.anaconda.org/conda-forge/noarch/attrs-20.3.0-pyhd3deb0d_0.tar.bz2#5b319abb055eefcfa344bc21378ca23f
https://conda.anaconda.org/conda-forge/noarch/click-7.1.2-pyh9f0ad1d_0.tar.bz2#bd50a970ce07e660c319fdc4d730d3f1
https://conda.anaconda.org/conda-forge/noarch/filelock-3.0.12-pyh9f0ad1d_0.tar.bz2#7544ed05bbbe9bb687bc9bcbe4d6cb46
https://conda.anaconda.org/conda-forge/noarch/glob2-0.7-py_0.tar.bz2#1f3a88e65e61216e1d475135922dbf6a
https://conda.anaconda.org/conda-forge/noarch/idna-2.10-pyh9f0ad1d_0.tar.bz2#f95a12b4f435aae6680fe55ae2eb1b06
https://conda.anaconda.org/conda-forge/noarch/ipython_genutils-0.2.0-py_1.tar.bz2#5071c982548b3a20caf70462f04f5287
https://conda.anaconda.org/conda-forge/win-64/libarchive-3.5.1-hf621db8_1.tar.bz2#b41a022343bcc779afd13c6b9fb1b9fa
https://conda.anaconda.org/conda-forge/win-64/m2-db-5.3.28-3.tar.bz2#64be1218ff36805898ad4071f2662bea
https://conda.anaconda.org/conda-forge/win-64/m2-gdbm-1.11-4.tar.bz2#efd6dd93f052c7a881c8f9c555d3e86d
https://conda.anaconda.org/conda-forge/win-64/m2-less-481-2.tar.bz2#9e606cac3bbeaece107359e33ec8de9c
https://conda.anaconda.org/conda-forge/win-64/m2-libedit-3.1-20150326.tar.bz2#2ca7d6acae9c0fb776a3698da279a253
https://conda.anaconda.org/conda-forge/win-64/m2-libintl-0.19.7-4.tar.bz2#bfe5803477f36865cd307b1285bd4209
https://conda.anaconda.org/conda-forge/win-64/m2-libmetalink-0.1.2-3.tar.bz2#0c24907b802aeabf76472d64b84239c4
https://conda.anaconda.org/conda-forge/win-64/m2-libopenssl-1.0.2.g-2.tar.bz2#410b08b6fe2c0aa9e0e58612973ba01f
https://conda.anaconda.org/conda-forge/win-64/m2-libreadline-6.3.008-8.tar.bz2#0691379e157a3ac9e9b00765ae64407c
https://conda.anaconda.org/conda-forge/win-64/m2-vim-7.4.1721-2.tar.bz2#0fbaea044e1bd74db6a8f6848bcf5f78
https://conda.anaconda.org/conda-forge/win-64/m2w64-gcc-libs-5.3.0-7.tar.bz2#fe759119b8b3bfa720b8762c6fdc35de
https://conda.anaconda.org/conda-forge/noarch/pkginfo-1.6.1-pyh9f0ad1d_0.tar.bz2#9624126b9ae8f1004c137b111a817281
https://conda.anaconda.org/conda-forge/noarch/pycparser-2.20-pyh9f0ad1d_2.tar.bz2#aa798d50ffd182a0f6f31478c7f434f6
https://conda.anaconda.org/conda-forge/win-64/python_abi-3.7-1_cp37m.tar.bz2#bb3afff19e4ba0165a5f645aa8704717
https://conda.anaconda.org/conda-forge/noarch/pytz-2020.5-pyhd8ed1ab_0.tar.bz2#9dbafab7fbbc1ef46a60858fb6320d8a
https://conda.anaconda.org/conda-forge/noarch/six-1.15.0-pyh9f0ad1d_0.tar.bz2#1eec421f0f1f39e579e44e4a5ce646a2
https://conda.anaconda.org/conda-forge/noarch/soupsieve-2.0.1-py_1.tar.bz2#aa1db70848c19bace567ba39a157f508
https://conda.anaconda.org/conda-forge/noarch/tqdm-4.55.2-pyhd8ed1ab_0.tar.bz2#088a81d97e99f367d7003f97576f5753
https://conda.anaconda.org/conda-forge/noarch/typing_extensions-3.7.4.3-py_0.tar.bz2#12b96e382730541a4b332420227055ae
https://conda.anaconda.org/conda-forge/noarch/wheel-0.36.2-pyhd3deb0d_0.tar.bz2#768bfbe026426d0e76b377997d1f2b98
https://conda.anaconda.org/conda-forge/noarch/zipp-3.4.0-py_0.tar.bz2#0df927d2e46244cef8fd75d7ec2ba51c
https://conda.anaconda.org/conda-forge/noarch/beautifulsoup4-4.9.3-pyhb0f4dca_0.tar.bz2#d243a293d7303ab6195d96ce8c16b1cb
https://conda.anaconda.org/conda-forge/win-64/certifi-2020.12.5-py37h03978a9_1.tar.bz2#1051015def01978c43d8bcbb3f6dc143
https://conda.anaconda.org/conda-forge/win-64/cffi-1.14.4-py37hd8e9650_1.tar.bz2#0e1f891281599a450244f7e02966e54f
https://conda.anaconda.org/conda-forge/win-64/chardet-4.0.0-py37h03978a9_1.tar.bz2#566dbd28c78bb886e678e61893d249ba
https://conda.anaconda.org/conda-forge/win-64/conda-package-handling-1.7.2-py37h6dbccfb_0.tar.bz2#34ec2ca194aacdae7b8b43682a4e898d
https://conda.anaconda.org/conda-forge/win-64/importlib-metadata-3.3.0-py37h03978a9_3.tar.bz2#f71b41f78d086cfc7ce8c83dc9208401
https://conda.anaconda.org/conda-forge/win-64/m2-coreutils-8.25-102.tar.bz2#287653b2583bd11530a729b41623b0fe
https://conda.anaconda.org/conda-forge/win-64/m2-findutils-4.6.0-2.tar.bz2#74fd1928033451250028a234e8ed81b5
https://conda.anaconda.org/conda-forge/win-64/m2-gzip-1.7-2.tar.bz2#892aa2cfbbb3820a609751ee74806c60
https://conda.anaconda.org/conda-forge/win-64/m2-libsqlite-3.10.0.0-2.tar.bz2#619f7df936d859a215de98df55d0592f
https://conda.anaconda.org/conda-forge/win-64/m2-openssl-1.0.2.g-2.tar.bz2#db2d7d3cde43dfb78125176766a9d788
https://conda.anaconda.org/conda-forge/win-64/m2-sed-4.2.2-3.tar.bz2#f7e706c4f81babf8a451e2c9fb6088c3
https://conda.anaconda.org/conda-forge/win-64/markupsafe-1.1.1-py37hcc03f2d_3.tar.bz2#9d7dcdff8c2cee50345867aed8916813
https://conda.anaconda.org/conda-forge/win-64/psutil-5.8.0-py37hcc03f2d_1.tar.bz2#b1020cf9cc105afc340d45370402f1d2
https://conda.anaconda.org/conda-forge/win-64/py-lief-0.10.1-py37h8e8dfb5_2.tar.bz2#3e6dcc8fa856cda4ec3c37f1fae6b380
https://conda.anaconda.org/conda-forge/win-64/pycosat-0.6.3-py37hcc03f2d_1006.tar.bz2#9eab0ecb5234233d6d119e3a3b17dd50
https://conda.anaconda.org/conda-forge/win-64/pyrsistent-0.17.3-py37hcc03f2d_2.tar.bz2#62c77b59cbf066b9c3e08c363017bd81
https://conda.anaconda.org/conda-forge/noarch/python-dateutil-2.8.1-py_0.tar.bz2#0d0150ed9c2d25817f5324108d3f7571
https://conda.anaconda.org/conda-forge/win-64/python-libarchive-c-2.9-py37hf50a25e_2.tar.bz2#bcdcdddf911a5b4245a6f26137314520
https://conda.anaconda.org/conda-forge/win-64/pywin32-228-py37hcc03f2d_1.tar.bz2#4a8793bbecf4142b4a027b0dbd14a370
https://conda.anaconda.org/conda-forge/win-64/pyyaml-5.3.1-py37hcc03f2d_2.tar.bz2#00dd2ad9800d999c0961175805014454
https://conda.anaconda.org/conda-forge/win-64/ripgrep-12.1.1-h301d43c_1.tar.bz2#becca280ed37a9ffa9fe12f827ada988
https://conda.anaconda.org/conda-forge/win-64/ruamel_yaml-0.15.80-py37h0013d47_1003.tar.bz2#87124cf3180990579ecde1a67ce6cfe6
https://conda.anaconda.org/conda-forge/noarch/traitlets-5.0.5-py_0.tar.bz2#99618ee9ab1323e40f231acdab92fe60
https://conda.anaconda.org/conda-forge/win-64/win_inet_pton-1.1.0-py37h03978a9_2.tar.bz2#3be8e856f5b7726960041ff2fbeee4dd
https://conda.anaconda.org/conda-forge/win-64/wincertstore-0.2-py37h03978a9_1006.tar.bz2#d05992e21bc7622dd0dce0b087452250
https://conda.anaconda.org/conda-forge/win-64/brotlipy-0.7.0-py37h0013d47_1001.tar.bz2#739b506e180ff8f16ba22f2704fca7c3
https://conda.anaconda.org/conda-forge/win-64/cryptography-3.3.1-py37hd8e9650_0.tar.bz2#11cefe7f74ab80a2adef2949ebdca4ef
https://conda.anaconda.org/conda-forge/noarch/importlib_metadata-3.3.0-hd8ed1ab_3.tar.bz2#68e5373bb2bf7e562b8c88f9cb2400c5
https://conda.anaconda.org/conda-forge/win-64/jupyter_core-4.7.0-py37h03978a9_0.tar.bz2#307627860dbe6ee5654091e9180cb604
https://conda.anaconda.org/conda-forge/win-64/m2-heimdal-libs-1.5.3-10.tar.bz2#a516e0afbc84d5ce0a3b5ed147f3a301
https://conda.anaconda.org/conda-forge/win-64/m2-info-6.0-2.tar.bz2#e6c610433b411e6fc8b320c192ea84c4
https://conda.anaconda.org/conda-forge/win-64/m2-perl-5.22.1-2.tar.bz2#b1748489fc240663383a39892decee49
https://conda.anaconda.org/conda-forge/win-64/m2-perl-net-ssleay-1.72-2.tar.bz2#0e951cbfc8e6fb75d8064de60d10d5a7
https://conda.anaconda.org/conda-forge/win-64/menuinst-1.4.16-py37hc8dfbb8_1.tar.bz2#25864d0f620ec6d540dd43aa49b95d43
https://conda.anaconda.org/conda-forge/win-64/pysocks-1.7.1-py37h03978a9_3.tar.bz2#57ff67171877b6aa4575b3e9a183b92a
https://conda.anaconda.org/conda-forge/win-64/setuptools-49.6.0-py37h03978a9_3.tar.bz2#1b72c1d232d3bb820f9c129448a5f7ae
https://conda.anaconda.org/conda-forge/noarch/shyaml-0.6.2-pyhd3deb0d_0.tar.bz2#733d0708892ebef428fa1a293e471351
https://conda.anaconda.org/conda-forge/noarch/clyent-1.2.2-py_1.tar.bz2#b9ee3fdf59f49883497741509ea364b6
https://conda.anaconda.org/conda-forge/noarch/jinja2-2.11.2-pyh9f0ad1d_0.tar.bz2#e8a5d614d1a27bdba00059ca062a0551
https://conda.anaconda.org/conda-forge/noarch/jsonschema-3.2.0-py_2.tar.bz2#a17aa962de6145d08e1008cb37c20161
https://conda.anaconda.org/conda-forge/win-64/m2-heimdal-1.5.3-10.tar.bz2#998b3b1a3a9c80ce977cfffcaa270744
https://conda.anaconda.org/conda-forge/win-64/m2-libidn-1.32-2.tar.bz2#86219a55a8771a3b38aa7dd35ff1cddb
https://conda.anaconda.org/conda-forge/win-64/m2-libtasn1-4.7-2.tar.bz2#f30555256fff1b6d57154cef0f5f6f86
https://conda.anaconda.org/conda-forge/win-64/m2-perl-authen-sasl-2.16-3.tar.bz2#158de5cecd514dfa37d7353c79a2d44f
https://conda.anaconda.org/conda-forge/win-64/m2-perl-convert-binhex-1.123-3.tar.bz2#f046a741f56479aaf356c7654e0573f1
https://conda.anaconda.org/conda-forge/win-64/m2-perl-encode-locale-1.04-2.tar.bz2#4b3268d355e793edcd119a669ed76c80
https://conda.anaconda.org/conda-forge/win-64/m2-perl-error-0.17024-2.tar.bz2#54777a90c5cdb219bd5f99a1bb4f9c5a
https://conda.anaconda.org/conda-forge/win-64/m2-perl-html-tagset-3.20-3.tar.bz2#05384972e11e5ec8445189015357d61a
https://conda.anaconda.org/conda-forge/win-64/m2-perl-http-date-6.02-3.tar.bz2#0d542115f95885b39c7fab3c59a78b32
https://conda.anaconda.org/conda-forge/win-64/m2-perl-io-stringy-2.111-2.tar.bz2#9023e2ab31092bfbcfcefd9b96906717
https://conda.anaconda.org/conda-forge/win-64/m2-perl-lwp-mediatypes-6.02-3.tar.bz2#72069e124dea3d5f57b0fe603c74f862
https://conda.anaconda.org/conda-forge/win-64/m2-perl-net-http-6.09-2.tar.bz2#13c8d4e7ca47572dc094eafdb8f20c9b
https://conda.anaconda.org/conda-forge/win-64/m2-perl-termreadkey-2.33-2.tar.bz2#b72d9235a0896d408dc29812f7f883dc
https://conda.anaconda.org/conda-forge/win-64/m2-perl-timedate-2.30-3.tar.bz2#2b9e74600f8acebb18e9058cf42766af
https://conda.anaconda.org/conda-forge/win-64/m2-perl-uri-1.68-2.tar.bz2#71f619c38bebae951bb41c1dfdaee8f1
https://conda.anaconda.org/conda-forge/noarch/pip-20.3.3-pyhd8ed1ab_0.tar.bz2#c7e5c449e502567a995e4bd09c538faf
https://conda.anaconda.org/conda-forge/noarch/pyopenssl-20.0.1-pyhd8ed1ab_0.tar.bz2#92371c25994d0f5d28a01c1fb75ebf86
https://conda.anaconda.org/conda-forge/win-64/m2-libp11-kit-0.23.2-2.tar.bz2#c211faea14dd94fecdf1848ce4029cd1
https://conda.anaconda.org/conda-forge/win-64/m2-openssh-7.1p2-2.tar.bz2#d9a4035cb660c3e12f95ae69fa813044
https://conda.anaconda.org/conda-forge/win-64/m2-perl-file-listing-6.04-3.tar.bz2#f184e37172b607f209e92c2925682986
https://conda.anaconda.org/conda-forge/win-64/m2-perl-html-parser-3.71-4.tar.bz2#92f97631f513253da6d0d7db8d701be5
https://conda.anaconda.org/conda-forge/win-64/m2-perl-io-socket-ssl-2.016-2.tar.bz2#ae8554170d976ed14d19ead98de9e8d9
https://conda.anaconda.org/conda-forge/win-64/m2-perl-mailtools-2.14-2.tar.bz2#03458b96e8521467bf142e0b32306dcb
https://conda.anaconda.org/conda-forge/win-64/m2-perl-www-robotrules-6.02-3.tar.bz2#dede69ea0a3785a1c1a60d6c71375823
https://conda.anaconda.org/conda-forge/noarch/nbformat-5.0.8-py_0.tar.bz2#12aaf0d8795a5c375757b49a08e011a2
https://conda.anaconda.org/conda-forge/noarch/urllib3-1.26.2-pyhd8ed1ab_0.tar.bz2#8bb930d172961c9ba9ffd6e10a64b844
https://conda.anaconda.org/conda-forge/win-64/m2-p11-kit-0.23.2-2.tar.bz2#e4bb959e7c23cecdbf2b9bc891c75c64
https://conda.anaconda.org/conda-forge/win-64/m2-perl-http-message-6.06-3.tar.bz2#3ab0f90185ec60cb9f4e63c0ad214bdf
https://conda.anaconda.org/conda-forge/win-64/m2-perl-mime-tools-5.506-2.tar.bz2#f0bc3f86df2e9613632457b1f4864bca
https://conda.anaconda.org/conda-forge/win-64/m2-perl-net-smtp-ssl-1.02-2.tar.bz2#a51cee8fa5dcfd78ca497e650eaa111a
https://conda.anaconda.org/conda-forge/noarch/requests-2.25.1-pyhd3deb0d_0.tar.bz2#ae687aba31a1c400192a86a2e993ffdc
https://conda.anaconda.org/conda-forge/noarch/anaconda-client-1.7.2-py_0.tar.bz2#1ada0ee7841ef357baf8cb8ae71fac9b
https://conda.anaconda.org/conda-forge/win-64/conda-4.9.2-py37h03978a9_0.tar.bz2#63fb83bb05e5c646e538626aadd168c1
https://conda.anaconda.org/conda-forge/win-64/m2-ca-certificates-20150426-103.tar.bz2#2f3a2f726e5376e66f251c5e13ad15f7
https://conda.anaconda.org/conda-forge/win-64/m2-perl-http-cookies-6.01-3.tar.bz2#e97e9479b97cdec0705d443ceb23a750
https://conda.anaconda.org/conda-forge/win-64/m2-perl-http-daemon-6.01-3.tar.bz2#8d221939fbf94560565f3c1f88efaed6
https://conda.anaconda.org/conda-forge/win-64/m2-perl-http-negotiate-6.01-3.tar.bz2#8fdd079743997382eedac946bc2436dd
https://conda.anaconda.org/conda-forge/win-64/conda-build-3.21.0-py37h03978a9_0.tar.bz2#ec4561a5df841efb1b5950cc76f81f0a
https://conda.anaconda.org/conda-forge/win-64/m2-libssh2-1.6.0-2.tar.bz2#b2e1d3e33d3c0db923b44f09ffcc0e04
https://conda.anaconda.org/conda-forge/win-64/m2-perl-libwww-6.13-2.tar.bz2#a17030d89fff9f9286fbd6d94b1a5522
https://conda.anaconda.org/conda-forge/win-64/m2-libcurl-7.47.1-3.tar.bz2#737be653fed34bb2b913a2d8b4a7366d
https://conda.anaconda.org/conda-forge/win-64/m2-curl-7.47.1-3.tar.bz2#33009cc8a81fbba4b33efbb2b215d617
https://conda.anaconda.org/conda-forge/win-64/m2-git-2.8.1-2.tar.bz2#0c5381e6f30a0e97debfd456d8b43195
https://conda.anaconda.org/conda-forge/win-64/conda-forge-ci-setup-3.6.3-py37h32be79b_0.tar.bz2#6f030e072224efcb6e6d4254e76e6ae0
