# platform: osx-64
# env_hash: 73981678075641988c5c4c6842dccac36304e235005ba5cd35a820dcd346019a
@EXPLICIT
https://conda.anaconda.org/conda-forge/osx-64/bzip2-1.0.8-hc929b4f_4.tar.bz2#521b82c700a64bac7d8da27539422e91
https://conda.anaconda.org/conda-forge/osx-64/c-ares-1.17.1-hc929b4f_0.tar.bz2#24fc0b91a6eacc6753fef90514d67ce9
https://conda.anaconda.org/conda-forge/osx-64/ca-certificates-2020.12.5-h033912b_0.tar.bz2#4483d8ea13bd57b52e3539e741501a7d
https://conda.anaconda.org/conda-forge/noarch/conda-env-2.6.0-1.tar.bz2#2e87f617581c88d249c72bfd350936eb
https://conda.anaconda.org/conda-forge/osx-64/libcxx-11.0.0-h4c3b8ed_1.tar.bz2#6a22f1c899bcf110c39cd6d959a8555e
https://conda.anaconda.org/conda-forge/osx-64/libev-4.33-haf1e3a3_1.tar.bz2#79dc2be110b2a3d1e97ec21f691c50ad
https://conda.anaconda.org/conda-forge/osx-64/libiconv-1.16-haf1e3a3_0.tar.bz2#c5fab167412a52e491c8e11453ae016f
https://conda.anaconda.org/conda-forge/osx-64/lzo-2.10-haf1e3a3_1000.tar.bz2#0b6bca372a95d6c602c7a922e928ce79
https://conda.anaconda.org/conda-forge/osx-64/ncurses-6.2-h2e338ed_4.tar.bz2#9cef1910395d1543527583e73dba30f1
https://conda.anaconda.org/conda-forge/osx-64/oniguruma-6.9.3-hc929b4f_0.tar.bz2#bdc227d3871935ef0525e8f0fa629c92
https://conda.anaconda.org/conda-forge/osx-64/perl-5.32.0-hbcb3906_0.tar.bz2#886f787e1665e30934fe503eb717274c
https://conda.anaconda.org/conda-forge/osx-64/ripgrep-12.1.1-haf1e3a3_1.tar.bz2#4ef0173af511e6fcf01c0c815b2ec9b7
https://conda.anaconda.org/conda-forge/osx-64/xz-5.2.5-haf1e3a3_1.tar.bz2#41116deb499e9bc58048c297d6403ce6
https://conda.anaconda.org/conda-forge/osx-64/yaml-0.2.5-haf1e3a3_0.tar.bz2#84c2fc186995c25a43e86ed708065572
https://conda.anaconda.org/conda-forge/osx-64/zlib-1.2.11-h7795811_1010.tar.bz2#7d39e47e16ed0107f37c7224d5b5be8b
https://conda.anaconda.org/conda-forge/osx-64/expat-2.2.9-hb1e8313_2.tar.bz2#5674668524163888bba8f8c04223c323
https://conda.anaconda.org/conda-forge/osx-64/icu-67.1-hb1e8313_0.tar.bz2#7ee9c0ceb94bf007b86e1564626e1ca0
https://conda.anaconda.org/conda-forge/osx-64/jq-1.6-hc929b4f_1000.tar.bz2#b93b2f3582c1089b65fb042b1e4c0585
https://conda.anaconda.org/conda-forge/osx-64/libedit-3.1.20191231-h0678c8f_2.tar.bz2#6016a8a1d0e63cac3de2c352cd40208b
https://conda.anaconda.org/conda-forge/osx-64/libffi-3.3-h046ec9c_2.tar.bz2#c7a196accaf92d40985d5c9b4d14f9cb
https://conda.anaconda.org/conda-forge/osx-64/liblief-0.10.1-hb1e8313_2.tar.bz2#14c7fe39f28d8f23f8bd6312e9d47f6f
https://conda.anaconda.org/conda-forge/osx-64/lz4-c-1.9.2-hb1e8313_3.tar.bz2#7737f6db9eb5e572d22b88b667d1f3f9
https://conda.anaconda.org/conda-forge/osx-64/openssl-1.1.1i-h35c211d_0.tar.bz2#f26df9ccde4b41ff4d2b18c83c4d0fd3
https://conda.anaconda.org/conda-forge/osx-64/pcre-8.44-hb1e8313_0.tar.bz2#e1c1a939ae5ecd32f13db1f742b434e5
https://conda.anaconda.org/conda-forge/osx-64/readline-8.0-h0678c8f_2.tar.bz2#8f69d684fce8e73328995d7efb77816a
https://conda.anaconda.org/conda-forge/osx-64/tk-8.6.10-h0419947_1.tar.bz2#9a79a432473acddd936ff8bab8b86145
https://conda.anaconda.org/conda-forge/osx-64/gettext-0.19.8.1-h7937167_1005.tar.bz2#52fd84c5cc5d61a6e05885f44d033efa
https://conda.anaconda.org/conda-forge/osx-64/krb5-1.17.2-h60d9502_0.tar.bz2#abf2add2a1ade1920b25a8f3327a1aa0
https://conda.anaconda.org/conda-forge/osx-64/libnghttp2-1.41.0-h7580e61_2.tar.bz2#1731a2e73e2d68d455a1b8b8de0265dc
https://conda.anaconda.org/conda-forge/osx-64/libssh2-1.9.0-h8a08a2b_5.tar.bz2#2e0e86262d3c9a11230ab55fc0468e49
https://conda.anaconda.org/conda-forge/osx-64/libxml2-2.9.10-h2c6e4a5_2.tar.bz2#6fea0e9bafd6df7276490c5b4178f59c
https://conda.anaconda.org/conda-forge/osx-64/sqlite-3.34.0-h17101e1_0.tar.bz2#9e9694f119bb1a2362a0cc0249651835
https://conda.anaconda.org/conda-forge/osx-64/zstd-1.4.5-h289c70a_2.tar.bz2#53cfeb429a4e0157b32ca4b52f488965
https://conda.anaconda.org/conda-forge/osx-64/libarchive-3.5.0-hcf98e8c_0.tar.bz2#bc9fbe561c434590f4e0332544e7a327
https://conda.anaconda.org/conda-forge/osx-64/libcurl-7.71.1-h9bf37e3_8.tar.bz2#1a136204085b4c620fe2ed74fb1112bf
https://conda.anaconda.org/conda-forge/osx-64/python-3.7.9-h6c3b2c9_0_cpython.tar.bz2#4c219f7d8f80d5dcd978ae575974e0ff
https://conda.anaconda.org/conda-forge/noarch/attrs-20.3.0-pyhd3deb0d_0.tar.bz2#5b319abb055eefcfa344bc21378ca23f
https://conda.anaconda.org/conda-forge/noarch/click-7.1.2-pyh9f0ad1d_0.tar.bz2#bd50a970ce07e660c319fdc4d730d3f1
https://conda.anaconda.org/conda-forge/osx-64/curl-7.71.1-hcb81553_8.tar.bz2#82d166def6b920c17688f9ec0d766908
https://conda.anaconda.org/conda-forge/noarch/filelock-3.0.12-pyh9f0ad1d_0.tar.bz2#7544ed05bbbe9bb687bc9bcbe4d6cb46
https://conda.anaconda.org/conda-forge/noarch/glob2-0.7-py_0.tar.bz2#1f3a88e65e61216e1d475135922dbf6a
https://conda.anaconda.org/conda-forge/noarch/idna-2.10-pyh9f0ad1d_0.tar.bz2#f95a12b4f435aae6680fe55ae2eb1b06
https://conda.anaconda.org/conda-forge/noarch/ipython_genutils-0.2.0-py_1.tar.bz2#5071c982548b3a20caf70462f04f5287
https://conda.anaconda.org/conda-forge/noarch/pkginfo-1.6.1-pyh9f0ad1d_0.tar.bz2#9624126b9ae8f1004c137b111a817281
https://conda.anaconda.org/conda-forge/noarch/pycparser-2.20-pyh9f0ad1d_2.tar.bz2#aa798d50ffd182a0f6f31478c7f434f6
https://conda.anaconda.org/conda-forge/osx-64/python_abi-3.7-1_cp37m.tar.bz2#d2cb192f8948ea603927a71f015574dd
https://conda.anaconda.org/conda-forge/noarch/pytz-2020.4-pyhd8ed1ab_0.tar.bz2#14aefc827cbbd156cb1bd9e992210380
https://conda.anaconda.org/conda-forge/noarch/six-1.15.0-pyh9f0ad1d_0.tar.bz2#1eec421f0f1f39e579e44e4a5ce646a2
https://conda.anaconda.org/conda-forge/noarch/soupsieve-2.0.1-py_1.tar.bz2#aa1db70848c19bace567ba39a157f508
https://conda.anaconda.org/conda-forge/noarch/tqdm-4.54.1-pyhd8ed1ab_0.tar.bz2#7b03d52227ac839ae00f94fee1a75074
https://conda.anaconda.org/conda-forge/noarch/typing_extensions-3.7.4.3-py_0.tar.bz2#12b96e382730541a4b332420227055ae
https://conda.anaconda.org/conda-forge/noarch/wheel-0.36.2-pyhd3deb0d_0.tar.bz2#768bfbe026426d0e76b377997d1f2b98
https://conda.anaconda.org/conda-forge/noarch/zipp-3.4.0-py_0.tar.bz2#0df927d2e46244cef8fd75d7ec2ba51c
https://conda.anaconda.org/conda-forge/noarch/beautifulsoup4-4.9.3-pyhb0f4dca_0.tar.bz2#d243a293d7303ab6195d96ce8c16b1cb
https://conda.anaconda.org/conda-forge/osx-64/certifi-2020.12.5-py37hf985489_0.tar.bz2#9fcc641135db6236c4778856f7b628f3
https://conda.anaconda.org/conda-forge/osx-64/cffi-1.14.4-py37hc5b2277_1.tar.bz2#8faba82b9f7ae18fd2f998eefdbec46a
https://conda.anaconda.org/conda-forge/osx-64/chardet-3.0.4-py37h2987424_1008.tar.bz2#cc67a92b9d49d74caf6a71e6c8685141
https://conda.anaconda.org/conda-forge/osx-64/conda-package-handling-1.7.2-py37h395d20d_0.tar.bz2#b227ace74379574f65804db465891b71
https://conda.anaconda.org/conda-forge/osx-64/git-2.29.2-pl5320h422953c_1.tar.bz2#bf72af5fa3739676c081e9edfc674443
https://conda.anaconda.org/conda-forge/osx-64/importlib-metadata-3.3.0-py37hf985489_2.tar.bz2#2cb4cdff66da548c3bbd5ef392390488
https://conda.anaconda.org/conda-forge/osx-64/markupsafe-1.1.1-py37h395d20d_2.tar.bz2#c1a1e424c418d2a2c599951b3c33f77c
https://conda.anaconda.org/conda-forge/osx-64/psutil-5.7.3-py37h395d20d_0.tar.bz2#a5b664a1fa9e74b38f94150d2689670d
https://conda.anaconda.org/conda-forge/osx-64/py-lief-0.10.1-py37h08f6e3d_2.tar.bz2#acea81f93a51511d87552b099f84cab4
https://conda.anaconda.org/conda-forge/osx-64/pycosat-0.6.3-py37h395d20d_1005.tar.bz2#aa7d5596f3f459bc602ff8d174b4d283
https://conda.anaconda.org/conda-forge/osx-64/pyrsistent-0.17.3-py37h4b544eb_1.tar.bz2#e4384eee3bcfd51eaba7c4d6e1b4f355
https://conda.anaconda.org/conda-forge/osx-64/pysocks-1.7.1-py37h2987424_2.tar.bz2#23629f60986dc6f2125f32d26a0055e4
https://conda.anaconda.org/conda-forge/noarch/python-dateutil-2.8.1-py_0.tar.bz2#0d0150ed9c2d25817f5324108d3f7571
https://conda.anaconda.org/conda-forge/osx-64/python-libarchive-c-2.9-py37h2987424_2.tar.bz2#f3a4826838ef8826a2822395ed0a6a96
https://conda.anaconda.org/conda-forge/osx-64/pyyaml-5.3.1-py37h395d20d_1.tar.bz2#25dbf137d014d016d692de2c2f027250
https://conda.anaconda.org/conda-forge/osx-64/ruamel_yaml-0.15.80-py37h395d20d_1003.tar.bz2#842b3894a4ff9ea812c5ee89a07e38de
https://conda.anaconda.org/conda-forge/noarch/traitlets-5.0.5-py_0.tar.bz2#99618ee9ab1323e40f231acdab92fe60
https://conda.anaconda.org/conda-forge/osx-64/brotlipy-0.7.0-py37h395d20d_1001.tar.bz2#1407a480e4f9e14dc56546dc9263bdd2
https://conda.anaconda.org/conda-forge/osx-64/cryptography-3.3.1-py37haf76d9e_0.tar.bz2#9ed24db55b53c6931457804005b14032
https://conda.anaconda.org/conda-forge/noarch/importlib_metadata-3.3.0-hd8ed1ab_2.tar.bz2#936c79b1b03cec81f74fb88f4fb4caa8
https://conda.anaconda.org/conda-forge/osx-64/jupyter_core-4.7.0-py37hf985489_0.tar.bz2#9f60c9d0cf30fb24bcb3cf5326d1d0f2
https://conda.anaconda.org/conda-forge/osx-64/setuptools-49.6.0-py37h2987424_2.tar.bz2#3d0ef7d49d82130fc8374190238dc989
https://conda.anaconda.org/conda-forge/noarch/shyaml-0.6.1-py_0.tar.bz2#60803b63897c151e5c680e1cd2bc520f
https://conda.anaconda.org/conda-forge/noarch/clyent-1.2.2-py_1.tar.bz2#b9ee3fdf59f49883497741509ea364b6
https://conda.anaconda.org/conda-forge/noarch/jinja2-2.11.2-pyh9f0ad1d_0.tar.bz2#e8a5d614d1a27bdba00059ca062a0551
https://conda.anaconda.org/conda-forge/noarch/jsonschema-3.2.0-py_2.tar.bz2#a17aa962de6145d08e1008cb37c20161
https://conda.anaconda.org/conda-forge/noarch/pip-20.3.3-pyhd8ed1ab_0.tar.bz2#c7e5c449e502567a995e4bd09c538faf
https://conda.anaconda.org/conda-forge/noarch/pyopenssl-20.0.0-pyhd8ed1ab_0.tar.bz2#8fda1084aa3edad26a03e85617bb109f
https://conda.anaconda.org/conda-forge/noarch/nbformat-5.0.8-py_0.tar.bz2#12aaf0d8795a5c375757b49a08e011a2
https://conda.anaconda.org/conda-forge/noarch/urllib3-1.25.11-py_0.tar.bz2#4ce0599839b2b4418befe201e5f072fc
https://conda.anaconda.org/conda-forge/noarch/requests-2.25.0-pyhd3deb0d_0.tar.bz2#5b983af1f3dcd93ef20f6067d077f6fe
https://conda.anaconda.org/conda-forge/noarch/anaconda-client-1.7.2-py_0.tar.bz2#1ada0ee7841ef357baf8cb8ae71fac9b
https://conda.anaconda.org/conda-forge/osx-64/conda-4.9.2-py37hf985489_0.tar.bz2#8ccd5a89558c8f7ffb5f077c79da3a36
https://conda.anaconda.org/conda-forge/osx-64/conda-build-3.20.5-py37h2987424_0.tar.bz2#8f23ac735215a6fba74bce4ce0a42db8
https://conda.anaconda.org/conda-forge/osx-64/conda-forge-ci-setup-3.5.3-py37h5be20f2_0.tar.bz2#346fdb2b23f0f587d292fd9de92259ab
