# platform: linux-ppc64le
# env_hash: aa1cd7705bb99c355986a02116edf2d603a4f3fdbf39d90ec23baea4d31adabf
@EXPLICIT
https://conda.anaconda.org/conda-forge/linux-ppc64le/_libgcc_mutex-0.1-conda_forge.tar.bz2#e96f48755dc7c9f86c4aecf4cac40477
https://conda.anaconda.org/conda-forge/linux-ppc64le/ca-certificates-2020.12.5-h1084571_0.tar.bz2#553634e2c6d0ad7a63bffa121dfca059
https://conda.anaconda.org/conda-forge/noarch/conda-env-2.6.0-1.tar.bz2#2e87f617581c88d249c72bfd350936eb
https://conda.anaconda.org/conda-forge/linux-ppc64le/ld_impl_linux-ppc64le-2.35.1-ha35d02b_1.tar.bz2#13ace71cf748c21e1f4164e6db61fff5
https://conda.anaconda.org/conda-forge/linux-ppc64le/libstdcxx-ng-9.3.0-h22bc1b8_18.tar.bz2#2a265eaad357c2cb895508ebf9c2a1e3
https://conda.anaconda.org/conda-forge/linux-ppc64le/libgomp-9.3.0-hc7a5eb4_18.tar.bz2#76b6eefe274bb1d5aafd782ef2112a85
https://conda.anaconda.org/conda-forge/linux-ppc64le/_openmp_mutex-4.5-1_gnu.tar.bz2#a0417645f6558e83c8a3bb4b9515dbf3
https://conda.anaconda.org/conda-forge/linux-ppc64le/libgcc-ng-9.3.0-hc7a5eb4_18.tar.bz2#46cc503b1a35d0420e323eb55075f835
https://conda.anaconda.org/conda-forge/linux-ppc64le/bzip2-1.0.8-h4e0d66e_4.tar.bz2#3cbc4e0eede8b25bc53b6a462815aceb
https://conda.anaconda.org/conda-forge/linux-ppc64le/c-ares-1.17.1-h339bb43_0.tar.bz2#6e3446c9ba2844d043d04d4b57505e4f
https://conda.anaconda.org/conda-forge/linux-ppc64le/expat-2.2.10-h3b9df90_0.tar.bz2#b0e82a029701916fded490d534c62163
https://conda.anaconda.org/conda-forge/linux-ppc64le/icu-68.1-hea85c5d_0.tar.bz2#ba671ed8b5926c11ca1e5985045ab090
https://conda.anaconda.org/conda-forge/linux-ppc64le/libev-4.33-h6eb9509_1.tar.bz2#8851ef01bd32a18f6dbae78a24529450
https://conda.anaconda.org/conda-forge/linux-ppc64le/libffi-3.3-hea85c5d_2.tar.bz2#420a1f314e02ebf963c85c8b66da7a58
https://conda.anaconda.org/conda-forge/linux-ppc64le/libiconv-1.16-h6eb9509_0.tar.bz2#87bd60c1b5f6691f583d9672d9b9fe8b
https://conda.anaconda.org/conda-forge/linux-ppc64le/liblief-0.10.1-ha4af025_2.tar.bz2#bd82299840551876afe313143b1330d5
https://conda.anaconda.org/conda-forge/linux-ppc64le/lz4-c-1.9.3-h3b9df90_0.tar.bz2#c374f65a1706f6b7d4e58accfb6b676f
https://conda.anaconda.org/conda-forge/linux-ppc64le/lzo-2.10-h6eb9509_1000.tar.bz2#72aae20c9b4bd64a11657a94533e4164
https://conda.anaconda.org/conda-forge/linux-ppc64le/ncurses-6.2-hea85c5d_4.tar.bz2#f5385bb51633133a387c9341da5b71d7
https://conda.anaconda.org/conda-forge/linux-ppc64le/oniguruma-6.9.3-h339bb43_0.tar.bz2#81d52c8da6b357bfc91a10b137830c30
https://conda.anaconda.org/conda-forge/linux-ppc64le/openssl-1.1.1i-h4e0d66e_0.tar.bz2#282f91b23132f104cc3a7a8f1d8713a8
https://conda.anaconda.org/conda-forge/linux-ppc64le/patchelf-0.11-hb209c28_0.tar.bz2#8cef71efcf3c0c7ac3953ee506585366
https://conda.anaconda.org/conda-forge/linux-ppc64le/pcre-8.44-hb209c28_0.tar.bz2#81fcac8a3825c98cd8a056da1b69e882
https://conda.anaconda.org/conda-forge/linux-ppc64le/perl-5.32.0-h339bb43_0.tar.bz2#b4bb2839d2a42cb659ba482526ca3027
https://conda.anaconda.org/conda-forge/linux-ppc64le/ripgrep-12.1.1-h6eb9509_1.tar.bz2#48a60c867f2988cc05350e8ceeceb2e0
https://conda.anaconda.org/conda-forge/linux-ppc64le/xz-5.2.5-h6eb9509_1.tar.bz2#6d26cf2167b7d04c9db849cfdabe7431
https://conda.anaconda.org/conda-forge/linux-ppc64le/yaml-0.2.5-h6eb9509_0.tar.bz2#98b522b3a7a11e53397961288f0b4277
https://conda.anaconda.org/conda-forge/linux-ppc64le/zlib-1.2.11-h6eb9509_1010.tar.bz2#f1163952db9976915c79cf1dd03ea6ef
https://conda.anaconda.org/conda-forge/linux-ppc64le/gettext-0.19.8.1-hf23c357_1005.tar.bz2#d8a451f07602be0a546737993879603e
https://conda.anaconda.org/conda-forge/linux-ppc64le/jq-1.6-h339bb43_1000.tar.bz2#18a1fd8753be50f651a4b47d7610b312
https://conda.anaconda.org/conda-forge/linux-ppc64le/libedit-3.1.20191231-h41a240f_2.tar.bz2#5d316fcbed301564d0793e5833f67a68
https://conda.anaconda.org/conda-forge/linux-ppc64le/libnghttp2-1.41.0-h0eba5ba_2.tar.bz2#9a654f20f40de97a224a038f4f8ea26d
https://conda.anaconda.org/conda-forge/linux-ppc64le/libssh2-1.9.0-h0e66b82_5.tar.bz2#264d4289b5360deb30fdc0342e501830
https://conda.anaconda.org/conda-forge/linux-ppc64le/libxml2-2.9.10-h5b1524f_3.tar.bz2#6c79ab631c07b30675a2b4f298a105eb
https://conda.anaconda.org/conda-forge/linux-ppc64le/readline-8.0-h41a240f_2.tar.bz2#cd63b00f29d6b0bafc9a29e356c914b5
https://conda.anaconda.org/conda-forge/linux-ppc64le/tk-8.6.10-h38e1d09_1.tar.bz2#e35f19c3cd8b9ca16a7e160d00bb805d
https://conda.anaconda.org/conda-forge/linux-ppc64le/zstd-1.4.8-h65c4b1a_1.tar.bz2#6c494d36f3ae6924d4e9cacb0c8b90ac
https://conda.anaconda.org/conda-forge/linux-ppc64le/krb5-1.17.2-h2004cfc_0.tar.bz2#772d71554e407e8f8e405e53a191a240
https://conda.anaconda.org/conda-forge/linux-ppc64le/libarchive-3.5.1-hb8455fb_1.tar.bz2#5dd407b60ef844e67be7963e195ec5b1
https://conda.anaconda.org/conda-forge/linux-ppc64le/sqlite-3.34.0-h961021d_0.tar.bz2#a575a0b1e7ac4b1608a5f819447023c1
https://conda.anaconda.org/conda-forge/linux-ppc64le/libcurl-7.71.1-he8386ad_8.tar.bz2#3caac960c4ca4bbc2e108007b2462ada
https://conda.anaconda.org/conda-forge/linux-ppc64le/python-3.7.9-h8137939_0_cpython.tar.bz2#6a3da6262b81b6a109377d742df8a2ea
https://conda.anaconda.org/conda-forge/noarch/attrs-20.3.0-pyhd3deb0d_0.tar.bz2#5b319abb055eefcfa344bc21378ca23f
https://conda.anaconda.org/conda-forge/noarch/click-7.1.2-pyh9f0ad1d_0.tar.bz2#bd50a970ce07e660c319fdc4d730d3f1
https://conda.anaconda.org/conda-forge/linux-ppc64le/curl-7.71.1-hfd09b2d_8.tar.bz2#c3482585148b265b7b84e0f15293b530
https://conda.anaconda.org/conda-forge/noarch/filelock-3.0.12-pyh9f0ad1d_0.tar.bz2#7544ed05bbbe9bb687bc9bcbe4d6cb46
https://conda.anaconda.org/conda-forge/noarch/glob2-0.7-py_0.tar.bz2#1f3a88e65e61216e1d475135922dbf6a
https://conda.anaconda.org/conda-forge/noarch/idna-2.10-pyh9f0ad1d_0.tar.bz2#f95a12b4f435aae6680fe55ae2eb1b06
https://conda.anaconda.org/conda-forge/noarch/ipython_genutils-0.2.0-py_1.tar.bz2#5071c982548b3a20caf70462f04f5287
https://conda.anaconda.org/conda-forge/noarch/pkginfo-1.7.0-pyhd8ed1ab_0.tar.bz2#3ea3fca4afad20d8ec2f5b611bffde53
https://conda.anaconda.org/conda-forge/noarch/pycparser-2.20-pyh9f0ad1d_2.tar.bz2#aa798d50ffd182a0f6f31478c7f434f6
https://conda.anaconda.org/conda-forge/linux-ppc64le/python_abi-3.7-1_cp37m.tar.bz2#ab42f4e80cf206115640350c8a0a8742
https://conda.anaconda.org/conda-forge/noarch/pytz-2021.1-pyhd8ed1ab_0.tar.bz2#3af2e9424d5eb0063824a3f9b850d411
https://conda.anaconda.org/conda-forge/noarch/six-1.15.0-pyh9f0ad1d_0.tar.bz2#1eec421f0f1f39e579e44e4a5ce646a2
https://conda.anaconda.org/conda-forge/noarch/soupsieve-2.0.1-py_1.tar.bz2#aa1db70848c19bace567ba39a157f508
https://conda.anaconda.org/conda-forge/noarch/tqdm-4.56.0-pyhd8ed1ab_0.tar.bz2#63018cb9f2c144516a081028651ed4ed
https://conda.anaconda.org/conda-forge/noarch/typing_extensions-3.7.4.3-py_0.tar.bz2#12b96e382730541a4b332420227055ae
https://conda.anaconda.org/conda-forge/noarch/wheel-0.36.2-pyhd3deb0d_0.tar.bz2#768bfbe026426d0e76b377997d1f2b98
https://conda.anaconda.org/conda-forge/noarch/zipp-3.4.0-py_0.tar.bz2#0df927d2e46244cef8fd75d7ec2ba51c
https://conda.anaconda.org/conda-forge/noarch/beautifulsoup4-4.9.3-pyhb0f4dca_0.tar.bz2#d243a293d7303ab6195d96ce8c16b1cb
https://conda.anaconda.org/conda-forge/linux-ppc64le/certifi-2020.12.5-py37h35e4cab_1.tar.bz2#7acc52510cab9ca66fce66c8646e22e9
https://conda.anaconda.org/conda-forge/linux-ppc64le/cffi-1.14.4-py37h2b3dc6b_1.tar.bz2#74e8dc04ae245cdb284490ecada2def7
https://conda.anaconda.org/conda-forge/linux-ppc64le/chardet-4.0.0-py37h35e4cab_1.tar.bz2#3fc6d9ef616dc4bcd5094794fcff0951
https://conda.anaconda.org/conda-forge/linux-ppc64le/conda-package-handling-1.7.2-py37hf6f4062_0.tar.bz2#a2d05675e82bfb4268945c08597f07c1
https://conda.anaconda.org/conda-forge/linux-ppc64le/git-2.30.0-pl5320hf6c9d78_0.tar.bz2#8c75d3c5d2d3b6c11c025598378bede9
https://conda.anaconda.org/conda-forge/linux-ppc64le/importlib-metadata-3.4.0-py37h35e4cab_0.tar.bz2#743082aef725bd15ad6344d54699838e
https://conda.anaconda.org/conda-forge/linux-ppc64le/markupsafe-1.1.1-py37h6642d69_3.tar.bz2#a810f12e4b32990a47739d340c1f9279
https://conda.anaconda.org/conda-forge/linux-ppc64le/psutil-5.8.0-py37h6642d69_1.tar.bz2#e2fc629ec6a9b2406031ac6712ed1271
https://conda.anaconda.org/conda-forge/linux-ppc64le/py-lief-0.10.1-py37h0de2b31_2.tar.bz2#9786ed1bf7738e9b40d5ca1104000847
https://conda.anaconda.org/conda-forge/linux-ppc64le/pycosat-0.6.3-py37h6642d69_1006.tar.bz2#8d6bcd7df6c4b43390efb5e6ff1ea751
https://conda.anaconda.org/conda-forge/linux-ppc64le/pyrsistent-0.17.3-py37h6642d69_2.tar.bz2#b120634a53d6a3e0382db89c8eac7fb4
https://conda.anaconda.org/conda-forge/linux-ppc64le/pysocks-1.7.1-py37h35e4cab_3.tar.bz2#c9800810e8714607c78bd0fa60693932
https://conda.anaconda.org/conda-forge/noarch/python-dateutil-2.8.1-py_0.tar.bz2#0d0150ed9c2d25817f5324108d3f7571
https://conda.anaconda.org/conda-forge/linux-ppc64le/python-libarchive-c-2.9-py37h35e4cab_2.tar.bz2#5a8c2b80804af148c3844ed453354255
https://conda.anaconda.org/conda-forge/linux-ppc64le/pyyaml-5.4.1-py37h6642d69_0.tar.bz2#91b3f99b36e15d6a0ca2fca19aa61e52
https://conda.anaconda.org/conda-forge/linux-ppc64le/ruamel_yaml-0.15.80-py37h6642d69_1004.tar.bz2#01a495ad951cf519847fb449e965de23
https://conda.anaconda.org/conda-forge/noarch/traitlets-5.0.5-py_0.tar.bz2#99618ee9ab1323e40f231acdab92fe60
https://conda.anaconda.org/conda-forge/linux-ppc64le/brotlipy-0.7.0-py37h6642d69_1001.tar.bz2#a1c2ac0241f89f953c1adccade140d68
https://conda.anaconda.org/conda-forge/linux-ppc64le/cryptography-3.3.1-py37h732c3b9_1.tar.bz2#c0dcc9bdd98a8f658dab813f6efca7bd
https://conda.anaconda.org/conda-forge/noarch/importlib_metadata-3.4.0-hd8ed1ab_0.tar.bz2#6d962cade0658bb1040a3e994add14e0
https://conda.anaconda.org/conda-forge/linux-ppc64le/jupyter_core-4.7.1-py37h35e4cab_0.tar.bz2#a389c2f4bf6548cbac4501e2229ea18c
https://conda.anaconda.org/conda-forge/linux-ppc64le/setuptools-49.6.0-py37h35e4cab_3.tar.bz2#edf244de29e72e9a664a66f45e4ff3fa
https://conda.anaconda.org/conda-forge/noarch/shyaml-0.6.2-pyhd3deb0d_0.tar.bz2#733d0708892ebef428fa1a293e471351
https://conda.anaconda.org/conda-forge/noarch/clyent-1.2.2-py_1.tar.bz2#b9ee3fdf59f49883497741509ea364b6
https://conda.anaconda.org/conda-forge/noarch/jinja2-2.11.3-pyh44b312d_0.tar.bz2#1d4c3605d85a3655b1595e0694138eb6
https://conda.anaconda.org/conda-forge/noarch/jsonschema-3.2.0-py_2.tar.bz2#a17aa962de6145d08e1008cb37c20161
https://conda.anaconda.org/conda-forge/noarch/pip-21.0.1-pyhd8ed1ab_0.tar.bz2#849477e10d78cbc283c78fd53bfbb567
https://conda.anaconda.org/conda-forge/noarch/pyopenssl-20.0.1-pyhd8ed1ab_0.tar.bz2#92371c25994d0f5d28a01c1fb75ebf86
https://conda.anaconda.org/conda-forge/noarch/nbformat-5.1.2-pyhd8ed1ab_1.tar.bz2#9633dbb668ac1f9266427672816899dc
https://conda.anaconda.org/conda-forge/noarch/urllib3-1.26.3-pyhd8ed1ab_0.tar.bz2#25573e57774dd54cfa848e5dd44503ed
https://conda.anaconda.org/conda-forge/noarch/requests-2.25.1-pyhd3deb0d_0.tar.bz2#ae687aba31a1c400192a86a2e993ffdc
https://conda.anaconda.org/conda-forge/noarch/anaconda-client-1.7.2-py_0.tar.bz2#1ada0ee7841ef357baf8cb8ae71fac9b
https://conda.anaconda.org/conda-forge/linux-ppc64le/conda-4.9.2-py37h35e4cab_0.tar.bz2#81b087eba4ddb4891bb4c1478b01f4eb
https://conda.anaconda.org/conda-forge/linux-ppc64le/conda-build-3.21.4-py37h35e4cab_0.tar.bz2#36610e9608f2417b8be7b23aa40a1e97
https://conda.anaconda.org/conda-forge/linux-ppc64le/conda-forge-ci-setup-3.7.1-py37hc0e485a_0.tar.bz2#5a08e93955b0a4ebb4ab91e4a23c1bf7
