# platform: linux-ppc64le
# env_hash: aa1cd7705bb99c355986a02116edf2d603a4f3fdbf39d90ec23baea4d31adabf

@EXPLICIT

https://conda.anaconda.org/conda-forge/linux-ppc64le/_libgcc_mutex-0.1-conda_forge.tar.bz2#e96f48755dc7c9f86c4aecf4cac40477
https://conda.anaconda.org/conda-forge/linux-ppc64le/ca-certificates-2020.6.20-hecda079_0.tar.bz2#42c71b5438a2b898f7848d8f5c5447c6
https://conda.anaconda.org/conda-forge/noarch/conda-env-2.6.0-1.tar.bz2#2e87f617581c88d249c72bfd350936eb
https://conda.anaconda.org/conda-forge/linux-ppc64le/ld_impl_linux-ppc64le-2.35-h78afe3c_9.tar.bz2#265544b00ef7ef78e8f3f08a793944c0
https://conda.anaconda.org/conda-forge/linux-ppc64le/libstdcxx-ng-9.3.0-h42fc837_17.tar.bz2#d4d449634bc566d671ffcfe762f4a34b
https://conda.anaconda.org/conda-forge/linux-ppc64le/libgomp-9.3.0-hb998004_17.tar.bz2#57f08a38bc68e527573e09c013c679e4
https://conda.anaconda.org/conda-forge/linux-ppc64le/_openmp_mutex-4.5-1_gnu.tar.bz2#a0417645f6558e83c8a3bb4b9515dbf3
https://conda.anaconda.org/conda-forge/linux-ppc64le/libgcc-ng-9.3.0-hb998004_17.tar.bz2#3f12b2d9ad765226bb6dfc5103ed8b91
https://conda.anaconda.org/conda-forge/linux-ppc64le/bzip2-1.0.8-h6eb9509_3.tar.bz2#dbdf06a2ae41988c14615031a2311642
https://conda.anaconda.org/conda-forge/linux-ppc64le/c-ares-1.16.1-h6eb9509_3.tar.bz2#58be6438bbfc05a3a8323f4fda1989de
https://conda.anaconda.org/conda-forge/linux-ppc64le/expat-2.2.9-hb209c28_2.tar.bz2#634ba9b7430ffd89973d583f5e1f4d75
https://conda.anaconda.org/conda-forge/linux-ppc64le/icu-67.1-hb209c28_0.tar.bz2#4a5254960e5f1a7f0dad34afb0c30cbc
https://conda.anaconda.org/conda-forge/linux-ppc64le/libev-4.33-h6eb9509_1.tar.bz2#8851ef01bd32a18f6dbae78a24529450
https://conda.anaconda.org/conda-forge/linux-ppc64le/libffi-3.2.1-hb209c28_1007.tar.bz2#714a76b63c585f6e2abd3af4eecb8b22
https://conda.anaconda.org/conda-forge/linux-ppc64le/libiconv-1.16-h6eb9509_0.tar.bz2#87bd60c1b5f6691f583d9672d9b9fe8b
https://conda.anaconda.org/conda-forge/linux-ppc64le/liblief-0.10.1-hb209c28_1.tar.bz2#ad379bb4897d695feef173cc37af3b44
https://conda.anaconda.org/conda-forge/linux-ppc64le/lz4-c-1.9.2-hb209c28_3.tar.bz2#39a00c96ff320ebcbbf0e98a9e063df5
https://conda.anaconda.org/conda-forge/linux-ppc64le/lzo-2.10-h6eb9509_1000.tar.bz2#72aae20c9b4bd64a11657a94533e4164
https://conda.anaconda.org/conda-forge/linux-ppc64le/ncurses-6.2-hb209c28_1.tar.bz2#c82e3527ca12bac13aee72b0d39210f7
https://conda.anaconda.org/conda-forge/linux-ppc64le/oniguruma-6.9.3-h6eb9509_0.tar.bz2#582e80560a7fe469963b9de39e658897
https://conda.anaconda.org/conda-forge/linux-ppc64le/openssl-1.1.1h-h6eb9509_0.tar.bz2#e11a3fa171cf58f9017338a9086ba675
https://conda.anaconda.org/conda-forge/linux-ppc64le/patchelf-0.11-hb209c28_0.tar.bz2#8cef71efcf3c0c7ac3953ee506585366
https://conda.anaconda.org/conda-forge/linux-ppc64le/pcre-8.44-hb209c28_0.tar.bz2#81fcac8a3825c98cd8a056da1b69e882
https://conda.anaconda.org/conda-forge/linux-ppc64le/perl-5.26.2-h6eb9509_1006.tar.bz2#9c50533b6d011d5c1645791db3ea9f67
https://conda.anaconda.org/conda-forge/linux-ppc64le/ripgrep-12.1.1-h6eb9509_0.tar.bz2#b05b68f51dbd75916180bb009afa730b
https://conda.anaconda.org/conda-forge/linux-ppc64le/xz-5.2.5-h6eb9509_1.tar.bz2#6d26cf2167b7d04c9db849cfdabe7431
https://conda.anaconda.org/conda-forge/linux-ppc64le/yaml-0.2.5-h6eb9509_0.tar.bz2#98b522b3a7a11e53397961288f0b4277
https://conda.anaconda.org/conda-forge/linux-ppc64le/zlib-1.2.11-h6eb9509_1009.tar.bz2#607e7ee91bc1af37ef3ef181cc870c1c
https://conda.anaconda.org/conda-forge/linux-ppc64le/gettext-0.19.8.1-h94c31b8_1002.tar.bz2#9aef9757055ef1e3a1b64e30cd68419b
https://conda.anaconda.org/conda-forge/linux-ppc64le/jq-1.6-h14c3975_1000.tar.bz2#32a47ade643dce31cc2789298b808080
https://conda.anaconda.org/conda-forge/linux-ppc64le/libedit-3.1.20191231-h41a240f_2.tar.bz2#5d316fcbed301564d0793e5833f67a68
https://conda.anaconda.org/conda-forge/linux-ppc64le/libnghttp2-1.41.0-h0eba5ba_2.tar.bz2#9a654f20f40de97a224a038f4f8ea26d
https://conda.anaconda.org/conda-forge/linux-ppc64le/libssh2-1.9.0-h0e66b82_5.tar.bz2#264d4289b5360deb30fdc0342e501830
https://conda.anaconda.org/conda-forge/linux-ppc64le/libxml2-2.9.10-hfa5d076_2.tar.bz2#89f6c124fc13cdf7ee6662f23ce62182
https://conda.anaconda.org/conda-forge/linux-ppc64le/readline-8.0-h41a240f_2.tar.bz2#cd63b00f29d6b0bafc9a29e356c914b5
https://conda.anaconda.org/conda-forge/linux-ppc64le/tk-8.6.10-h151fe60_1.tar.bz2#42f280173f34d3483feab704f89b6563
https://conda.anaconda.org/conda-forge/linux-ppc64le/zstd-1.4.5-h1dc757f_2.tar.bz2#e81014fbc9b2d9f7aac1181f7c26dfe7
https://conda.anaconda.org/conda-forge/linux-ppc64le/krb5-1.17.1-hc2f0735_3.tar.bz2#694be28ab0a93c68a6df6d45a34ddb67
https://conda.anaconda.org/conda-forge/linux-ppc64le/libarchive-3.4.3-h75da85a_0.tar.bz2#87f8c4a18551f59f469c7dd80c11bbeb
https://conda.anaconda.org/conda-forge/linux-ppc64le/sqlite-3.33.0-h433b40a_1.tar.bz2#7ef5db5142e491006673fc644811232e
https://conda.anaconda.org/conda-forge/linux-ppc64le/libcurl-7.71.1-he8386ad_8.tar.bz2#3caac960c4ca4bbc2e108007b2462ada
https://conda.anaconda.org/conda-forge/linux-ppc64le/python-3.7.8-h8fcb0be_1_cpython.tar.bz2#29d15fe064beb22329490c4b2cc7d9a5
https://conda.anaconda.org/conda-forge/noarch/attrs-20.2.0-pyh9f0ad1d_0.tar.bz2#72fe75fed07fe89d6ef02034bf1e94a5
https://conda.anaconda.org/conda-forge/noarch/click-7.1.2-pyh9f0ad1d_0.tar.bz2#bd50a970ce07e660c319fdc4d730d3f1
https://conda.anaconda.org/conda-forge/linux-ppc64le/curl-7.71.1-hfd09b2d_8.tar.bz2#c3482585148b265b7b84e0f15293b530
https://conda.anaconda.org/conda-forge/noarch/filelock-3.0.12-pyh9f0ad1d_0.tar.bz2#7544ed05bbbe9bb687bc9bcbe4d6cb46
https://conda.anaconda.org/conda-forge/noarch/glob2-0.7-py_0.tar.bz2#1f3a88e65e61216e1d475135922dbf6a
https://conda.anaconda.org/conda-forge/noarch/idna-2.10-pyh9f0ad1d_0.tar.bz2#f95a12b4f435aae6680fe55ae2eb1b06
https://conda.anaconda.org/conda-forge/noarch/ipython_genutils-0.2.0-py_1.tar.bz2#5071c982548b3a20caf70462f04f5287
https://conda.anaconda.org/conda-forge/noarch/pkginfo-1.5.0.1-py_0.tar.bz2#4bdd776f2eb65244c27c5f61638a507c
https://conda.anaconda.org/conda-forge/noarch/pycparser-2.20-pyh9f0ad1d_2.tar.bz2#aa798d50ffd182a0f6f31478c7f434f6
https://conda.anaconda.org/conda-forge/linux-ppc64le/python_abi-3.7-1_cp37m.tar.bz2#ab42f4e80cf206115640350c8a0a8742
https://conda.anaconda.org/conda-forge/noarch/pytz-2020.1-pyh9f0ad1d_0.tar.bz2#e52abc1f0fd70e05001c1ceb2696f625
https://conda.anaconda.org/conda-forge/noarch/six-1.15.0-pyh9f0ad1d_0.tar.bz2#1eec421f0f1f39e579e44e4a5ce646a2
https://conda.anaconda.org/conda-forge/noarch/soupsieve-2.0.1-py_1.tar.bz2#aa1db70848c19bace567ba39a157f508
https://conda.anaconda.org/conda-forge/noarch/tqdm-4.50.2-pyh9f0ad1d_0.tar.bz2#ed198b205c15a7f4157aad92c60afc86
https://conda.anaconda.org/conda-forge/noarch/wheel-0.35.1-pyh9f0ad1d_0.tar.bz2#126827869be32f21872a2b30ebe2b038
https://conda.anaconda.org/conda-forge/noarch/zipp-3.3.0-py_0.tar.bz2#82671ac8792f7ce5fdc601f9692f95f1
https://conda.anaconda.org/conda-forge/noarch/beautifulsoup4-4.9.3-pyhb0f4dca_0.tar.bz2#d243a293d7303ab6195d96ce8c16b1cb
https://conda.anaconda.org/conda-forge/linux-ppc64le/certifi-2020.6.20-py37hc8dfbb8_0.tar.bz2#8be061ce219413903f9c5a3831b2e63f
https://conda.anaconda.org/conda-forge/linux-ppc64le/cffi-1.14.3-py37h16bd513_0.tar.bz2#be0a77da406845afa13cd53021661a59
https://conda.anaconda.org/conda-forge/linux-ppc64le/chardet-3.0.4-py37hc8dfbb8_1007.tar.bz2#8c445e1e0fe5e72394cef5719c67f15e
https://conda.anaconda.org/conda-forge/linux-ppc64le/conda-package-handling-1.7.0-py37h2bd1440_5.tar.bz2#619e36ae46b4f096f06c83356894a322
https://conda.anaconda.org/conda-forge/linux-ppc64le/git-2.28.0-pl526h6bae81b_1.tar.bz2#b3ac5ba9bebaf3441b7417db04dc722f
https://conda.anaconda.org/conda-forge/linux-ppc64le/importlib-metadata-2.0.0-py37hc8dfbb8_0.tar.bz2#a00a58a912d3d50237f50aad1630e575
https://conda.anaconda.org/conda-forge/linux-ppc64le/markupsafe-1.1.1-py37h2bd1440_1.tar.bz2#fe3fadf38d1a2816bfec4993eedd25af
https://conda.anaconda.org/conda-forge/linux-ppc64le/psutil-5.7.2-py37h2bd1440_0.tar.bz2#4ff28510e92451affa1062bcaeb09b43
https://conda.anaconda.org/conda-forge/linux-ppc64le/py-lief-0.10.1-py37hb809cae_1.tar.bz2#ee7d3ada6db57f4dd9c40cceb4b909be
https://conda.anaconda.org/conda-forge/linux-ppc64le/pycosat-0.6.3-py37h2bd1440_1004.tar.bz2#8d4ba1283a72e747b4281aa544580b54
https://conda.anaconda.org/conda-forge/linux-ppc64le/pyrsistent-0.17.3-py37h2bd1440_0.tar.bz2#bbbe061431c0d5051f0ad5690f939fa9
https://conda.anaconda.org/conda-forge/linux-ppc64le/pysocks-1.7.1-py37hc8dfbb8_1.tar.bz2#e3f04e50766077ff281b69bd1c552b23
https://conda.anaconda.org/conda-forge/noarch/python-dateutil-2.8.1-py_0.tar.bz2#0d0150ed9c2d25817f5324108d3f7571
https://conda.anaconda.org/conda-forge/linux-ppc64le/python-libarchive-c-2.9-py37hc8dfbb8_1.tar.bz2#99ca2e170ab1a0ab50f1c601e9048b3b
https://conda.anaconda.org/conda-forge/linux-ppc64le/pyyaml-5.3.1-py37h2bd1440_0.tar.bz2#defffe3130bfbeedf71f0ccc0c6fd52b
https://conda.anaconda.org/conda-forge/linux-ppc64le/ruamel_yaml-0.15.80-py37h2bd1440_1002.tar.bz2#cd7df476b2baa9b7fa8ee45d4762d743
https://conda.anaconda.org/conda-forge/noarch/traitlets-5.0.4-py_1.tar.bz2#048e4f82f972565e99ac45a374120c36
https://conda.anaconda.org/conda-forge/linux-ppc64le/brotlipy-0.7.0-py37h2bd1440_1000.tar.bz2#b32e41c664a3c25a312adbbc1446aaef
https://conda.anaconda.org/conda-forge/linux-ppc64le/cryptography-3.1.1-py37hbd29ff1_0.tar.bz2#b6488f1b18d934a680b4dcd8bd0a66ac
https://conda.anaconda.org/conda-forge/noarch/importlib_metadata-2.0.0-0.tar.bz2#6ba1cc819e1a8268a1f5e44b95cae1c7
https://conda.anaconda.org/conda-forge/linux-ppc64le/jupyter_core-4.6.3-py37hc8dfbb8_1.tar.bz2#83afda695b882c7b4ec05b5283c11eac
https://conda.anaconda.org/conda-forge/linux-ppc64le/setuptools-49.6.0-py37hc8dfbb8_1.tar.bz2#6836ea733200d67ab34ecef679b75eb8
https://conda.anaconda.org/conda-forge/noarch/shyaml-0.6.1-py_0.tar.bz2#60803b63897c151e5c680e1cd2bc520f
https://conda.anaconda.org/conda-forge/noarch/clyent-1.2.2-py_1.tar.bz2#b9ee3fdf59f49883497741509ea364b6
https://conda.anaconda.org/conda-forge/noarch/jinja2-2.11.2-pyh9f0ad1d_0.tar.bz2#e8a5d614d1a27bdba00059ca062a0551
https://conda.anaconda.org/conda-forge/linux-ppc64le/jsonschema-3.2.0-py37hc8dfbb8_1.tar.bz2#b2556c87bfda6df7a388be778fc0332c
https://conda.anaconda.org/conda-forge/noarch/pip-20.2.3-py_0.tar.bz2#2a473e697f17443a8647c3d7d22043d3
https://conda.anaconda.org/conda-forge/noarch/pyopenssl-19.1.0-py_1.tar.bz2#ef3d970a6de9bc902d233e59f746b7cd
https://conda.anaconda.org/conda-forge/noarch/nbformat-5.0.7-py_0.tar.bz2#7f9984ee165126ac09d9eb678052783d
https://conda.anaconda.org/conda-forge/noarch/urllib3-1.25.10-py_0.tar.bz2#82cde2a532177697e42a090add881db8
https://conda.anaconda.org/conda-forge/noarch/requests-2.24.0-pyh9f0ad1d_0.tar.bz2#786ef230ca5cf2536e9dee910fdf4f9f
https://conda.anaconda.org/conda-forge/noarch/anaconda-client-1.7.2-py_0.tar.bz2#1ada0ee7841ef357baf8cb8ae71fac9b
https://conda.anaconda.org/conda-forge/linux-ppc64le/conda-4.8.5-py37hc66f150_2.tar.bz2#0f80187dc25d4ee8d5cabb7a28a86828
https://conda.anaconda.org/conda-forge/linux-ppc64le/conda-build-3.20.3-py37hc8dfbb8_0.tar.bz2#98cd64ba0f745bd4d9131f09c60b2623
https://conda.anaconda.org/conda-forge/linux-ppc64le/conda-forge-ci-setup-3.4.0-py37hc8dfbb8_0.tar.bz2#3f815f3298d7f77ec45cb53a5f46e853
