# platform: osx-64
# env_hash: 73981678075641988c5c4c6842dccac36304e235005ba5cd35a820dcd346019a

@EXPLICIT

https://conda.anaconda.org/conda-forge/osx-64/bzip2-1.0.8-haf1e3a3_3.tar.bz2#caf888e9502062a4d17e811871b44637
https://conda.anaconda.org/conda-forge/osx-64/c-ares-1.16.1-haf1e3a3_3.tar.bz2#3877b8f8cff6264b09904a8b470aed9c
https://conda.anaconda.org/conda-forge/osx-64/ca-certificates-2020.6.20-hecda079_0.tar.bz2#7933a42d363f3e88f239384ff68252db
https://conda.anaconda.org/conda-forge/noarch/conda-env-2.6.0-1.tar.bz2#2e87f617581c88d249c72bfd350936eb
https://conda.anaconda.org/conda-forge/osx-64/libcxx-10.0.1-h5f48129_0.tar.bz2#abc0f77f31d9e69bdcf2c550058da337
https://conda.anaconda.org/conda-forge/osx-64/libev-4.33-haf1e3a3_1.tar.bz2#79dc2be110b2a3d1e97ec21f691c50ad
https://conda.anaconda.org/conda-forge/osx-64/libiconv-1.16-haf1e3a3_0.tar.bz2#c5fab167412a52e491c8e11453ae016f
https://conda.anaconda.org/conda-forge/osx-64/lzo-2.10-haf1e3a3_1000.tar.bz2#0b6bca372a95d6c602c7a922e928ce79
https://conda.anaconda.org/conda-forge/osx-64/ncurses-6.2-hb1e8313_2.tar.bz2#811e491e6b830b276cf7faec5a6fdca7
https://conda.anaconda.org/conda-forge/osx-64/oniguruma-6.9.3-h01d97ff_0.tar.bz2#388111c79c112302f738e34917746e69
https://conda.anaconda.org/conda-forge/osx-64/perl-5.26.2-haec8ef5_1006.tar.bz2#7c0ced1da3e20d98b1045f3e945d3d1c
https://conda.anaconda.org/conda-forge/osx-64/ripgrep-12.1.1-h0b31af3_0.tar.bz2#a173bd1660cf8890ee8d2dfcdd88e7cb
https://conda.anaconda.org/conda-forge/osx-64/xz-5.2.5-haf1e3a3_1.tar.bz2#41116deb499e9bc58048c297d6403ce6
https://conda.anaconda.org/conda-forge/osx-64/yaml-0.2.5-haf1e3a3_0.tar.bz2#84c2fc186995c25a43e86ed708065572
https://conda.anaconda.org/conda-forge/osx-64/zlib-1.2.11-h7795811_1009.tar.bz2#958b4b681fcae3094383cf69c26e8936
https://conda.anaconda.org/conda-forge/osx-64/expat-2.2.9-hb1e8313_2.tar.bz2#5674668524163888bba8f8c04223c323
https://conda.anaconda.org/conda-forge/osx-64/icu-67.1-hb1e8313_0.tar.bz2#7ee9c0ceb94bf007b86e1564626e1ca0
https://conda.anaconda.org/conda-forge/osx-64/jq-1.6-h1de35cc_1000.tar.bz2#b1ac55db5868162fc28da921832bb6d2
https://conda.anaconda.org/conda-forge/osx-64/libedit-3.1.20191231-h0678c8f_2.tar.bz2#6016a8a1d0e63cac3de2c352cd40208b
https://conda.anaconda.org/conda-forge/osx-64/libffi-3.2.1-hb1e8313_1007.tar.bz2#be8b6ba3b6710a89ab891bbed151659c
https://conda.anaconda.org/conda-forge/osx-64/liblief-0.10.1-hb1e8313_1.tar.bz2#80fb7990a75473c9c95237e264078187
https://conda.anaconda.org/conda-forge/osx-64/lz4-c-1.9.2-hb1e8313_3.tar.bz2#7737f6db9eb5e572d22b88b667d1f3f9
https://conda.anaconda.org/conda-forge/osx-64/openssl-1.1.1h-haf1e3a3_0.tar.bz2#6be73e185e6a92a29571dd9a2dfb5251
https://conda.anaconda.org/conda-forge/osx-64/pcre-8.44-h4a8c4bd_0.tar.bz2#28b0557e6ef0eb62f3162ddf678ea493
https://conda.anaconda.org/conda-forge/osx-64/readline-8.0-h0678c8f_2.tar.bz2#8f69d684fce8e73328995d7efb77816a
https://conda.anaconda.org/conda-forge/osx-64/tk-8.6.10-hb0a8c7a_1.tar.bz2#f7477bf81dcfc7b4dddc7b3790a99a0c
https://conda.anaconda.org/conda-forge/osx-64/gettext-0.19.8.1-h46ab8bc_1002.tar.bz2#c7517739152f7ba685351817f6ed9da8
https://conda.anaconda.org/conda-forge/osx-64/krb5-1.17.1-h75d18d8_3.tar.bz2#a2e242f395cb1226eaf4cc8eaacf5526
https://conda.anaconda.org/conda-forge/osx-64/libnghttp2-1.41.0-h7580e61_2.tar.bz2#1731a2e73e2d68d455a1b8b8de0265dc
https://conda.anaconda.org/conda-forge/osx-64/libssh2-1.9.0-h8a08a2b_5.tar.bz2#2e0e86262d3c9a11230ab55fc0468e49
https://conda.anaconda.org/conda-forge/osx-64/libxml2-2.9.10-h2c6e4a5_2.tar.bz2#6fea0e9bafd6df7276490c5b4178f59c
https://conda.anaconda.org/conda-forge/osx-64/sqlite-3.33.0-h960bd1c_1.tar.bz2#d86a1d10a189d4c000a61971110f4f55
https://conda.anaconda.org/conda-forge/osx-64/zstd-1.4.5-h289c70a_2.tar.bz2#53cfeb429a4e0157b32ca4b52f488965
https://conda.anaconda.org/conda-forge/osx-64/libarchive-3.4.3-hf12134e_0.tar.bz2#afa2aed9522f208058934a4ccaa8c4d5
https://conda.anaconda.org/conda-forge/osx-64/libcurl-7.71.1-h9bf37e3_8.tar.bz2#1a136204085b4c620fe2ed74fb1112bf
https://conda.anaconda.org/conda-forge/osx-64/python-3.7.8-hc9dea61_1_cpython.tar.bz2#46fe9ea04f7e863da2588ad41d2f65ad
https://conda.anaconda.org/conda-forge/noarch/attrs-20.2.0-pyh9f0ad1d_0.tar.bz2#72fe75fed07fe89d6ef02034bf1e94a5
https://conda.anaconda.org/conda-forge/noarch/click-7.1.2-pyh9f0ad1d_0.tar.bz2#bd50a970ce07e660c319fdc4d730d3f1
https://conda.anaconda.org/conda-forge/osx-64/curl-7.71.1-hcb81553_8.tar.bz2#82d166def6b920c17688f9ec0d766908
https://conda.anaconda.org/conda-forge/noarch/filelock-3.0.12-pyh9f0ad1d_0.tar.bz2#7544ed05bbbe9bb687bc9bcbe4d6cb46
https://conda.anaconda.org/conda-forge/noarch/glob2-0.7-py_0.tar.bz2#1f3a88e65e61216e1d475135922dbf6a
https://conda.anaconda.org/conda-forge/noarch/idna-2.10-pyh9f0ad1d_0.tar.bz2#f95a12b4f435aae6680fe55ae2eb1b06
https://conda.anaconda.org/conda-forge/noarch/ipython_genutils-0.2.0-py_1.tar.bz2#5071c982548b3a20caf70462f04f5287
https://conda.anaconda.org/conda-forge/noarch/pkginfo-1.5.0.1-py_0.tar.bz2#4bdd776f2eb65244c27c5f61638a507c
https://conda.anaconda.org/conda-forge/noarch/pycparser-2.20-pyh9f0ad1d_2.tar.bz2#aa798d50ffd182a0f6f31478c7f434f6
https://conda.anaconda.org/conda-forge/osx-64/python_abi-3.7-1_cp37m.tar.bz2#d2cb192f8948ea603927a71f015574dd
https://conda.anaconda.org/conda-forge/noarch/pytz-2020.1-pyh9f0ad1d_0.tar.bz2#e52abc1f0fd70e05001c1ceb2696f625
https://conda.anaconda.org/conda-forge/noarch/six-1.15.0-pyh9f0ad1d_0.tar.bz2#1eec421f0f1f39e579e44e4a5ce646a2
https://conda.anaconda.org/conda-forge/noarch/soupsieve-2.0.1-py_1.tar.bz2#aa1db70848c19bace567ba39a157f508
https://conda.anaconda.org/conda-forge/noarch/tqdm-4.50.2-pyh9f0ad1d_0.tar.bz2#ed198b205c15a7f4157aad92c60afc86
https://conda.anaconda.org/conda-forge/noarch/wheel-0.35.1-pyh9f0ad1d_0.tar.bz2#126827869be32f21872a2b30ebe2b038
https://conda.anaconda.org/conda-forge/noarch/zipp-3.3.0-py_0.tar.bz2#82671ac8792f7ce5fdc601f9692f95f1
https://conda.anaconda.org/conda-forge/noarch/beautifulsoup4-4.9.3-pyhb0f4dca_0.tar.bz2#d243a293d7303ab6195d96ce8c16b1cb
https://conda.anaconda.org/conda-forge/osx-64/certifi-2020.6.20-py37h2987424_2.tar.bz2#5a0953a7099068a1c8f2970714fb465b
https://conda.anaconda.org/conda-forge/osx-64/cffi-1.14.3-py37h446cb54_1.tar.bz2#c1edd2c92277cdca3c543b74efd2811a
https://conda.anaconda.org/conda-forge/osx-64/chardet-3.0.4-py37h2987424_1008.tar.bz2#cc67a92b9d49d74caf6a71e6c8685141
https://conda.anaconda.org/conda-forge/osx-64/conda-package-handling-1.7.0-py37h395d20d_6.tar.bz2#5d806d5936b9d4a53e3e7ceee54284e7
https://conda.anaconda.org/conda-forge/osx-64/git-2.28.0-pl526hde3ca24_1.tar.bz2#46d93a0492e45837debe35ed75a7b8d9
https://conda.anaconda.org/conda-forge/noarch/importlib-metadata-2.0.0-py_1.tar.bz2#9061524478034b761f355a42bd9a7e3d
https://conda.anaconda.org/conda-forge/osx-64/markupsafe-1.1.1-py37h395d20d_2.tar.bz2#c1a1e424c418d2a2c599951b3c33f77c
https://conda.anaconda.org/conda-forge/osx-64/psutil-5.7.2-py37h395d20d_1.tar.bz2#bd19d660476ba38978e1fd04a97f8a7f
https://conda.anaconda.org/conda-forge/osx-64/py-lief-0.10.1-py37hdadc0f0_1.tar.bz2#839de8147e5d465e5d909b2918181a2e
https://conda.anaconda.org/conda-forge/osx-64/pycosat-0.6.3-py37h395d20d_1005.tar.bz2#aa7d5596f3f459bc602ff8d174b4d283
https://conda.anaconda.org/conda-forge/osx-64/pyrsistent-0.17.3-py37h60d8a13_1.tar.bz2#5defd0d8f84ac7e47243b12efef128d3
https://conda.anaconda.org/conda-forge/osx-64/pysocks-1.7.1-py37h2987424_2.tar.bz2#23629f60986dc6f2125f32d26a0055e4
https://conda.anaconda.org/conda-forge/noarch/python-dateutil-2.8.1-py_0.tar.bz2#0d0150ed9c2d25817f5324108d3f7571
https://conda.anaconda.org/conda-forge/osx-64/python-libarchive-c-2.9-py37h2987424_2.tar.bz2#f3a4826838ef8826a2822395ed0a6a96
https://conda.anaconda.org/conda-forge/osx-64/pyyaml-5.3.1-py37h395d20d_1.tar.bz2#25dbf137d014d016d692de2c2f027250
https://conda.anaconda.org/conda-forge/osx-64/ruamel_yaml-0.15.80-py37h395d20d_1003.tar.bz2#842b3894a4ff9ea812c5ee89a07e38de
https://conda.anaconda.org/conda-forge/noarch/traitlets-5.0.4-py_1.tar.bz2#048e4f82f972565e99ac45a374120c36
https://conda.anaconda.org/conda-forge/osx-64/brotlipy-0.7.0-py37h60d8a13_1000.tar.bz2#ee7e46efaa42eebf0904ff8f8afb7739
https://conda.anaconda.org/conda-forge/osx-64/cryptography-3.1.1-py37h94e4008_0.tar.bz2#953a1835057cbc47f59ce8a480345b8b
https://conda.anaconda.org/conda-forge/noarch/importlib_metadata-2.0.0-1.tar.bz2#1e40de9b76f9eb789d302de58bfe7674
https://conda.anaconda.org/conda-forge/osx-64/jupyter_core-4.6.3-py37hc8dfbb8_2.tar.bz2#6aa2b12579a6d5e44c78b906944b37f5
https://conda.anaconda.org/conda-forge/osx-64/setuptools-49.6.0-py37h2987424_2.tar.bz2#3d0ef7d49d82130fc8374190238dc989
https://conda.anaconda.org/conda-forge/noarch/shyaml-0.6.1-py_0.tar.bz2#60803b63897c151e5c680e1cd2bc520f
https://conda.anaconda.org/conda-forge/noarch/clyent-1.2.2-py_1.tar.bz2#b9ee3fdf59f49883497741509ea364b6
https://conda.anaconda.org/conda-forge/noarch/jinja2-2.11.2-pyh9f0ad1d_0.tar.bz2#e8a5d614d1a27bdba00059ca062a0551
https://conda.anaconda.org/conda-forge/osx-64/jsonschema-3.2.0-py37hc8dfbb8_1.tar.bz2#11b7f1fc53fc89eb0642fd2fbb04d7e6
https://conda.anaconda.org/conda-forge/noarch/pip-20.2.3-py_0.tar.bz2#2a473e697f17443a8647c3d7d22043d3
https://conda.anaconda.org/conda-forge/noarch/pyopenssl-19.1.0-py_1.tar.bz2#ef3d970a6de9bc902d233e59f746b7cd
https://conda.anaconda.org/conda-forge/noarch/nbformat-5.0.7-py_0.tar.bz2#7f9984ee165126ac09d9eb678052783d
https://conda.anaconda.org/conda-forge/noarch/urllib3-1.25.10-py_0.tar.bz2#82cde2a532177697e42a090add881db8
https://conda.anaconda.org/conda-forge/noarch/requests-2.24.0-pyh9f0ad1d_0.tar.bz2#786ef230ca5cf2536e9dee910fdf4f9f
https://conda.anaconda.org/conda-forge/noarch/anaconda-client-1.7.2-py_0.tar.bz2#1ada0ee7841ef357baf8cb8ae71fac9b
https://conda.anaconda.org/conda-forge/osx-64/conda-4.8.5-py37h2987424_2.tar.bz2#e60cf9c3b92238b7e1d21398e02fe77f
https://conda.anaconda.org/conda-forge/osx-64/conda-build-3.20.3-py37hc8dfbb8_0.tar.bz2#af70762bd49395d13d0e68c78e6e9c52
https://conda.anaconda.org/conda-forge/osx-64/conda-forge-ci-setup-3.4.0-py37hc8dfbb8_0.tar.bz2#ebd804e2e184c12e949e9a6531dcac0f
