# platform: linux-aarch64
# env_hash: 4e5d16355ff59e70e6f4c99f9927aeea291c1b546f76ed38762be50afc28a57c
@EXPLICIT
https://conda.anaconda.org/conda-forge/linux-aarch64/ca-certificates-2020.12.5-h4fd8a4c_0.tar.bz2#5356fcc6dfd0dd51905e98e8fd88c8c6
https://conda.anaconda.org/conda-forge/noarch/conda-env-2.6.0-1.tar.bz2#2e87f617581c88d249c72bfd350936eb
https://conda.anaconda.org/conda-forge/linux-aarch64/ld_impl_linux-aarch64-2.35.1-h02ad14f_1.tar.bz2#85ccf929885c81ce5de6700075d124ae
https://conda.anaconda.org/conda-forge/linux-aarch64/libgomp-9.3.0-h8ab15db_17.tar.bz2#80d052d1b6f37cd4dd715df9aa785a0b
https://conda.anaconda.org/conda-forge/linux-aarch64/libstdcxx-ng-9.3.0-h7a64470_17.tar.bz2#5989d6b06b29635f4883a2410cd57870
https://conda.anaconda.org/conda-forge/linux-aarch64/_openmp_mutex-4.5-1_gnu.tar.bz2#d029b13a6c638f91c9db96a991ac56f0
https://conda.anaconda.org/conda-forge/linux-aarch64/libgcc-ng-9.3.0-h8ab15db_17.tar.bz2#a7b900b3bd4b3a5286254749e093531b
https://conda.anaconda.org/conda-forge/linux-aarch64/bzip2-1.0.8-hf897c2e_4.tar.bz2#2d787570a729e273a4e75775ddf3348a
https://conda.anaconda.org/conda-forge/linux-aarch64/c-ares-1.17.1-hb9de7d4_0.tar.bz2#e30906df2ee0c1d699aeed42d603e22e
https://conda.anaconda.org/conda-forge/linux-aarch64/expat-2.2.9-h4c5d2ac_2.tar.bz2#43a26cb632166aee0e0851054ed63ab8
https://conda.anaconda.org/conda-forge/linux-aarch64/icu-67.1-h4c5d2ac_0.tar.bz2#4e5320006d5a9e3bee039388963f1db0
https://conda.anaconda.org/conda-forge/linux-aarch64/libev-4.33-h516909a_1.tar.bz2#9eac5901791494108c9b9ab85ca8aa93
https://conda.anaconda.org/conda-forge/linux-aarch64/libffi-3.3-h884eca8_2.tar.bz2#b2b11b4c4b858cf892bfb91bcc4f7dec
https://conda.anaconda.org/conda-forge/linux-aarch64/libiconv-1.16-h6dd45c4_0.tar.bz2#ddf5f3b177dde259a682f1820110b238
https://conda.anaconda.org/conda-forge/linux-aarch64/liblief-0.10.1-he1b5a44_2.tar.bz2#b37affae2f99cad24f11261481bc30ba
https://conda.anaconda.org/conda-forge/linux-aarch64/lz4-c-1.9.2-he1b5a44_3.tar.bz2#2f950a46172577d966f500222f95b87d
https://conda.anaconda.org/conda-forge/linux-aarch64/lzo-2.10-h516909a_1000.tar.bz2#ef5661339990c399c68c71cfb341e6d7
https://conda.anaconda.org/conda-forge/linux-aarch64/ncurses-6.2-h7fd3ca4_4.tar.bz2#e63890523b6708f64d078f96d3a46375
https://conda.anaconda.org/conda-forge/linux-aarch64/oniguruma-6.9.3-hb9de7d4_0.tar.bz2#6e6092f5cbb12cea0f27182edf02f05d
https://conda.anaconda.org/conda-forge/linux-aarch64/openssl-1.1.1i-hf897c2e_0.tar.bz2#78e92d3431f6dc7b044c2107f97eed5a
https://conda.anaconda.org/conda-forge/linux-aarch64/patchelf-0.11-h4c5d2ac_0.tar.bz2#c65393bfc6a83a1a16b327e373db8ebe
https://conda.anaconda.org/conda-forge/linux-aarch64/pcre-8.44-he1b5a44_0.tar.bz2#1844bc1c1647994ee1b3a0fab69ffeed
https://conda.anaconda.org/conda-forge/linux-aarch64/perl-5.32.0-hb9de7d4_0.tar.bz2#874568f8d68b5fea5d82df1064d781c7
https://conda.anaconda.org/conda-forge/linux-aarch64/ripgrep-12.1.1-h516909a_1.tar.bz2#6f39f0dd8d37260921f8d36f48eda88d
https://conda.anaconda.org/conda-forge/linux-aarch64/xz-5.2.5-h6dd45c4_1.tar.bz2#9da6f161d0f47f8a29fa708cda8deda2
https://conda.anaconda.org/conda-forge/linux-aarch64/yaml-0.2.5-h516909a_0.tar.bz2#2f7b51117290b7e95d61e6ff9abd7a3a
https://conda.anaconda.org/conda-forge/linux-aarch64/zlib-1.2.11-h516909a_1009.tar.bz2#8f012adadf82e1440ff1249634fdf6b4
https://conda.anaconda.org/conda-forge/linux-aarch64/gettext-0.19.8.1-h4454c44_1005.tar.bz2#caad965b0fdaaab450210323d9516f77
https://conda.anaconda.org/conda-forge/linux-aarch64/jq-1.6-hb9de7d4_1000.tar.bz2#02587ab350c71d48247d3370f2f24dda
https://conda.anaconda.org/conda-forge/linux-aarch64/libedit-3.1.20191231-he28a2e2_2.tar.bz2#29371161d77933a54fccf1bb66b96529
https://conda.anaconda.org/conda-forge/linux-aarch64/libnghttp2-1.41.0-h8cfc5f6_2.tar.bz2#f0923ff3705a9c800a89990cacf73198
https://conda.anaconda.org/conda-forge/linux-aarch64/libssh2-1.9.0-hab1572f_5.tar.bz2#b70778922ca4d840aa65706a647b448d
https://conda.anaconda.org/conda-forge/linux-aarch64/libxml2-2.9.10-hc040a3b_2.tar.bz2#a2924ad64672fdaeade738a1c997dd31
https://conda.anaconda.org/conda-forge/linux-aarch64/readline-8.0-h607064a_2.tar.bz2#140aafba4896d77ef3dce3f499255a60
https://conda.anaconda.org/conda-forge/linux-aarch64/tk-8.6.10-ha99a2a3_1.tar.bz2#f1e3655b5a26837407ca3fb97929376e
https://conda.anaconda.org/conda-forge/linux-aarch64/zstd-1.4.5-h6597ccf_2.tar.bz2#1e5e4259602333ab12eb04a62744664b
https://conda.anaconda.org/conda-forge/linux-aarch64/krb5-1.17.2-he08ec14_0.tar.bz2#ba26446058113b097213ca43ee09bc48
https://conda.anaconda.org/conda-forge/linux-aarch64/libarchive-3.5.0-h50ebc09_0.tar.bz2#94a0e553c6280726112f03bdd303e497
https://conda.anaconda.org/conda-forge/linux-aarch64/sqlite-3.34.0-h43e6a2a_0.tar.bz2#327558c7faed1bd6ae02d6965457d0f8
https://conda.anaconda.org/conda-forge/linux-aarch64/libcurl-7.71.1-hcdd3856_8.tar.bz2#02c528cf3999da407527963e8305b55a
https://conda.anaconda.org/conda-forge/linux-aarch64/python-3.7.9-h3bd6a85_0_cpython.tar.bz2#33db47a38c7fb0fae853d7842eb065fe
https://conda.anaconda.org/conda-forge/noarch/attrs-20.3.0-pyhd3deb0d_0.tar.bz2#5b319abb055eefcfa344bc21378ca23f
https://conda.anaconda.org/conda-forge/noarch/click-7.1.2-pyh9f0ad1d_0.tar.bz2#bd50a970ce07e660c319fdc4d730d3f1
https://conda.anaconda.org/conda-forge/linux-aarch64/curl-7.71.1-he644dc0_8.tar.bz2#7ae8ddafdd05fb6239b7eafcd8b1bbf6
https://conda.anaconda.org/conda-forge/noarch/filelock-3.0.12-pyh9f0ad1d_0.tar.bz2#7544ed05bbbe9bb687bc9bcbe4d6cb46
https://conda.anaconda.org/conda-forge/noarch/glob2-0.7-py_0.tar.bz2#1f3a88e65e61216e1d475135922dbf6a
https://conda.anaconda.org/conda-forge/noarch/idna-2.10-pyh9f0ad1d_0.tar.bz2#f95a12b4f435aae6680fe55ae2eb1b06
https://conda.anaconda.org/conda-forge/noarch/ipython_genutils-0.2.0-py_1.tar.bz2#5071c982548b3a20caf70462f04f5287
https://conda.anaconda.org/conda-forge/noarch/pkginfo-1.6.1-pyh9f0ad1d_0.tar.bz2#9624126b9ae8f1004c137b111a817281
https://conda.anaconda.org/conda-forge/noarch/pycparser-2.20-pyh9f0ad1d_2.tar.bz2#aa798d50ffd182a0f6f31478c7f434f6
https://conda.anaconda.org/conda-forge/linux-aarch64/python_abi-3.7-1_cp37m.tar.bz2#9ca5b46168de052474a01cadd4ae3ead
https://conda.anaconda.org/conda-forge/noarch/pytz-2020.4-pyhd8ed1ab_0.tar.bz2#14aefc827cbbd156cb1bd9e992210380
https://conda.anaconda.org/conda-forge/noarch/six-1.15.0-pyh9f0ad1d_0.tar.bz2#1eec421f0f1f39e579e44e4a5ce646a2
https://conda.anaconda.org/conda-forge/noarch/soupsieve-2.0.1-py_1.tar.bz2#aa1db70848c19bace567ba39a157f508
https://conda.anaconda.org/conda-forge/noarch/tqdm-4.54.1-pyhd8ed1ab_0.tar.bz2#7b03d52227ac839ae00f94fee1a75074
https://conda.anaconda.org/conda-forge/noarch/typing_extensions-3.7.4.3-py_0.tar.bz2#12b96e382730541a4b332420227055ae
https://conda.anaconda.org/conda-forge/noarch/wheel-0.36.2-pyhd3deb0d_0.tar.bz2#768bfbe026426d0e76b377997d1f2b98
https://conda.anaconda.org/conda-forge/noarch/zipp-3.4.0-py_0.tar.bz2#0df927d2e46244cef8fd75d7ec2ba51c
https://conda.anaconda.org/conda-forge/noarch/beautifulsoup4-4.9.3-pyhb0f4dca_0.tar.bz2#d243a293d7303ab6195d96ce8c16b1cb
https://conda.anaconda.org/conda-forge/linux-aarch64/certifi-2020.12.5-py37hd9ded2f_0.tar.bz2#576facd1850e4dea63bce1a96b24c12c
https://conda.anaconda.org/conda-forge/linux-aarch64/cffi-1.14.4-py37habb7ed1_1.tar.bz2#0ae16e342627f4e15b414826feeec2d3
https://conda.anaconda.org/conda-forge/linux-aarch64/chardet-3.0.4-py37h2c6a3fe_1008.tar.bz2#5802944a82cf4b7820893a11e19f8f7b
https://conda.anaconda.org/conda-forge/linux-aarch64/conda-package-handling-1.7.2-py37h6ffa973_0.tar.bz2#71031ad1b0080b8808a300fc33be3305
https://conda.anaconda.org/conda-forge/linux-aarch64/git-2.29.2-pl5320h4bda1d3_1.tar.bz2#ae8536ed4b7792c33a0fef8af7744c1b
https://conda.anaconda.org/conda-forge/linux-aarch64/importlib-metadata-3.3.0-py37hd9ded2f_2.tar.bz2#509a691668ed95c30e81b45d800c948e
https://conda.anaconda.org/conda-forge/linux-aarch64/markupsafe-1.1.1-py37h6ffa973_2.tar.bz2#e0b93d39dedd5fc81fc9f271df6c255d
https://conda.anaconda.org/conda-forge/linux-aarch64/psutil-5.7.3-py37h6ffa973_0.tar.bz2#930e146bc108c4b78f66f7ca685b7cc9
https://conda.anaconda.org/conda-forge/linux-aarch64/py-lief-0.10.1-py37h6c10513_2.tar.bz2#53639131f1895b8c525e5e7140ffd618
https://conda.anaconda.org/conda-forge/linux-aarch64/pycosat-0.6.3-py37h6ffa973_1005.tar.bz2#1acf06f76de58be970bba1e396ed19e2
https://conda.anaconda.org/conda-forge/linux-aarch64/pyrsistent-0.17.3-py37he1b68f8_1.tar.bz2#ea5b9582cc7ccb48d19f9fbb4490fb19
https://conda.anaconda.org/conda-forge/linux-aarch64/pysocks-1.7.1-py37h2c6a3fe_2.tar.bz2#5ac459eb846609498d30af3efae14566
https://conda.anaconda.org/conda-forge/noarch/python-dateutil-2.8.1-py_0.tar.bz2#0d0150ed9c2d25817f5324108d3f7571
https://conda.anaconda.org/conda-forge/linux-aarch64/python-libarchive-c-2.9-py37h2c6a3fe_2.tar.bz2#dd0e6417c0907879198e1fb9223cbd4e
https://conda.anaconda.org/conda-forge/linux-aarch64/pyyaml-5.3.1-py37h6ffa973_1.tar.bz2#9e61fa356f63aa6e76c157369739e036
https://conda.anaconda.org/conda-forge/linux-aarch64/ruamel_yaml-0.15.80-py37h6ffa973_1003.tar.bz2#38c0c3ad7df897fe47e79e0d486ecb23
https://conda.anaconda.org/conda-forge/noarch/traitlets-5.0.5-py_0.tar.bz2#99618ee9ab1323e40f231acdab92fe60
https://conda.anaconda.org/conda-forge/linux-aarch64/brotlipy-0.7.0-py37h6ffa973_1001.tar.bz2#7d3e1b18159652cc790baadad77f8b37
https://conda.anaconda.org/conda-forge/linux-aarch64/cryptography-3.3.1-py37h9a2bbd7_0.tar.bz2#c210392444b0a6a817beeacde4629f6a
https://conda.anaconda.org/conda-forge/noarch/importlib_metadata-3.3.0-hd8ed1ab_2.tar.bz2#936c79b1b03cec81f74fb88f4fb4caa8
https://conda.anaconda.org/conda-forge/linux-aarch64/jupyter_core-4.7.0-py37hd9ded2f_0.tar.bz2#33591ef5d7e2501a3d7adaa7484112f1
https://conda.anaconda.org/conda-forge/linux-aarch64/setuptools-49.6.0-py37h2c6a3fe_2.tar.bz2#ec4efe0452456a28174b2cc785010d91
https://conda.anaconda.org/conda-forge/noarch/shyaml-0.6.1-py_0.tar.bz2#60803b63897c151e5c680e1cd2bc520f
https://conda.anaconda.org/conda-forge/noarch/clyent-1.2.2-py_1.tar.bz2#b9ee3fdf59f49883497741509ea364b6
https://conda.anaconda.org/conda-forge/noarch/jinja2-2.11.2-pyh9f0ad1d_0.tar.bz2#e8a5d614d1a27bdba00059ca062a0551
https://conda.anaconda.org/conda-forge/noarch/jsonschema-3.2.0-py_2.tar.bz2#a17aa962de6145d08e1008cb37c20161
https://conda.anaconda.org/conda-forge/noarch/pip-20.3.2-pyhd8ed1ab_0.tar.bz2#719570dedeab9188a00c2cb79eeace90
https://conda.anaconda.org/conda-forge/noarch/pyopenssl-20.0.0-pyhd8ed1ab_0.tar.bz2#8fda1084aa3edad26a03e85617bb109f
https://conda.anaconda.org/conda-forge/noarch/nbformat-5.0.8-py_0.tar.bz2#12aaf0d8795a5c375757b49a08e011a2
https://conda.anaconda.org/conda-forge/noarch/urllib3-1.25.11-py_0.tar.bz2#4ce0599839b2b4418befe201e5f072fc
https://conda.anaconda.org/conda-forge/noarch/requests-2.25.0-pyhd3deb0d_0.tar.bz2#5b983af1f3dcd93ef20f6067d077f6fe
https://conda.anaconda.org/conda-forge/noarch/anaconda-client-1.7.2-py_0.tar.bz2#1ada0ee7841ef357baf8cb8ae71fac9b
https://conda.anaconda.org/conda-forge/linux-aarch64/conda-4.9.2-py37hd9ded2f_0.tar.bz2#c3fd3fefc35a4af6b331e4963bca8654
https://conda.anaconda.org/conda-forge/linux-aarch64/conda-build-3.20.5-py37h2c6a3fe_0.tar.bz2#377a6f352421ab69185771db115b9e01
https://conda.anaconda.org/conda-forge/linux-aarch64/conda-forge-ci-setup-3.5.3-py37h056c7b9_0.tar.bz2#57cdd4608054a641126f35a5ca6e5bf1
